// !$*UTF8*$!
{
	archiveVersion = 1;
	classes = {
	};
	objectVersion = 77;
	objects = {

/* Begin PBXBuildFile section */
		00F741B12CEF0C0745241EE3 /* PostureClassifier.swift in Sources */ = {isa = PBXBuildFile; fileRef = 5004F12D8B8F1C9BC78AEBD8 /* PostureClassifier.swift */; };
		0F7A2182EC0133BB4E730248 /* MotionFilterTests.swift in Sources */ = {isa = PBXBuildFile; fileRef = 21764B1ACFB7449460DD2995 /* MotionFilterTests.swift */; };
		2530887CFED27CAC7BC924F3 /* PostureReading.swift in Sources */ = {isa = PBXBuildFile; fileRef = 3BA3079C3077E03CA465A758 /* PostureReading.swift */; };
		345A177010293FAF0765B9A1 /* Theme.swift in Sources */ = {isa = PBXBuildFile; fileRef = 1746C66A549BD58147D3DECC /* Theme.swift */; };
		42E54990A852D92557FE93B6 /* SessionState.swift in Sources */ = {isa = PBXBuildFile; fileRef = 46EA072E5401C41E5FE709D7 /* SessionState.swift */; };
		4C6AED5390513F9284B77919 /* ContentView.swift in Sources */ = {isa = PBXBuildFile; fileRef = 294B5452DA1C5859B0F8CAA0 /* ContentView.swift */; };
		5A57EB2220F7ACFA730CB77F /* NotificationModule.swift in Sources */ = {isa = PBXBuildFile; fileRef = 1786ED07E3686C4CF2205F6E /* NotificationModule.swift */; };
		66CC700FD50F02DFCFF8D11C /* ReminderScheduler.swift in Sources */ = {isa = PBXBuildFile; fileRef = 7B572F141015FFECA9DB61BC /* ReminderScheduler.swift */; };
		6DE2122DC37DA9077430EAF0 /* UserSettings.swift in Sources */ = {isa = PBXBuildFile; fileRef = 6E819596CB7437F7E793DAA8 /* UserSettings.swift */; };
		7FBCF0DE7B77FA7D7D866E65 /* TodayView.swift in Sources */ = {isa = PBXBuildFile; fileRef = 16270C85188B052EB01084E3 /* TodayView.swift */; };
		81BD126F0B25D141BDCDAF65 /* PostureEngine.swift in Sources */ = {isa = PBXBuildFile; fileRef = 538ED412C028272E37D6A785 /* PostureEngine.swift */; };
		85A73B31F5807563D6CBB384 /* PostureApp.swift in Sources */ = {isa = PBXBuildFile; fileRef = D535A2EC08143A0EDA2FEEE3 /* PostureApp.swift */; };
		90B663165B1FFF1409C9885F /* WaterLog.swift in Sources */ = {isa = PBXBuildFile; fileRef = 33F4C124B7871B0BEA0E8A55 /* WaterLog.swift */; };
		A2B2EF604E45D5FC7FD28F79 /* HabitCard.swift in Sources */ = {isa = PBXBuildFile; fileRef = 80063B7A1ED13EA0E0EF8EC4 /* HabitCard.swift */; };
		A94D81926399790D17A973ED /* MotionFilter.swift in Sources */ = {isa = PBXBuildFile; fileRef = 66F3FBE8A4005FEDCA7400EE /* MotionFilter.swift */; };
		AAEE6398521E9689818D0437 /* Stickman.swift in Sources */ = {isa = PBXBuildFile; fileRef = 416D58A15CCF4E3FF57CCE7B /* Stickman.swift */; };
		B957C4A75D9161658965A1B0 /* SessionManager.swift in Sources */ = {isa = PBXBuildFile; fileRef = D5FBF2C4A7DD45057AD10E52 /* SessionManager.swift */; };
		D9F2497C0E6745C3194A2AE3 /* PostureSession.swift in Sources */ = {isa = PBXBuildFile; fileRef = F991CE594D1CB3CE3793ECDD /* PostureSession.swift */; };
		E2ADC1DCDA66CAEF52D55890 /* SettingsView.swift in Sources */ = {isa = PBXBuildFile; fileRef = B8FDC63C20D81DF9CDAC5A23 /* SettingsView.swift */; };
		EE5DFB0D70D46C302CBE739E /* PostureClassifierTests.swift in Sources */ = {isa = PBXBuildFile; fileRef = 5D4BD33BDE2395B3D8EB199A /* PostureClassifierTests.swift */; };
		EFC4145D44D067CD4366119A /* PostureState.swift in Sources */ = {isa = PBXBuildFile; fileRef = 7DD05C26B291E4B5B4989DC8 /* PostureState.swift */; };
/* End PBXBuildFile section */

/* Begin PBXContainerItemProxy section */
		E673563CCFC7A11447E5AC6D /* PBXContainerItemProxy */ = {
			isa = PBXContainerItemProxy;
			containerPortal = AC9BB93E700FDCFFDF36191B /* Project object */;
			proxyType = 1;
			remoteGlobalIDString = B8379331A4C40861CDDD17E6;
			remoteInfo = Posture;
		};
/* End PBXContainerItemProxy section */

/* Begin PBXFileReference section */
		16270C85188B052EB01084E3 /* TodayView.swift */ = {isa = PBXFileReference; lastKnownFileType = sourcecode.swift; path = TodayView.swift; sourceTree = "<group>"; };
		1746C66A549BD58147D3DECC /* Theme.swift */ = {isa = PBXFileReference; lastKnownFileType = sourcecode.swift; path = Theme.swift; sourceTree = "<group>"; };
		1786ED07E3686C4CF2205F6E /* NotificationModule.swift */ = {isa = PBXFileReference; lastKnownFileType = sourcecode.swift; path = NotificationModule.swift; sourceTree = "<group>"; };
		21764B1ACFB7449460DD2995 /* MotionFilterTests.swift */ = {isa = PBXFileReference; lastKnownFileType = sourcecode.swift; path = MotionFilterTests.swift; sourceTree = "<group>"; };
		294B5452DA1C5859B0F8CAA0 /* ContentView.swift */ = {isa = PBXFileReference; lastKnownFileType = sourcecode.swift; path = ContentView.swift; sourceTree = "<group>"; };
		33F4C124B7871B0BEA0E8A55 /* WaterLog.swift */ = {isa = PBXFileReference; lastKnownFileType = sourcecode.swift; path = WaterLog.swift; sourceTree = "<group>"; };
		3BA3079C3077E03CA465A758 /* PostureReading.swift */ = {isa = PBXFileReference; lastKnownFileType = sourcecode.swift; path = PostureReading.swift; sourceTree = "<group>"; };
		416D58A15CCF4E3FF57CCE7B /* Stickman.swift */ = {isa = PBXFileReference; lastKnownFileType = sourcecode.swift; path = Stickman.swift; sourceTree = "<group>"; };
		46EA072E5401C41E5FE709D7 /* SessionState.swift */ = {isa = PBXFileReference; lastKnownFileType = sourcecode.swift; path = SessionState.swift; sourceTree = "<group>"; };
		5004F12D8B8F1C9BC78AEBD8 /* PostureClassifier.swift */ = {isa = PBXFileReference; lastKnownFileType = sourcecode.swift; path = PostureClassifier.swift; sourceTree = "<group>"; };
		538ED412C028272E37D6A785 /* PostureEngine.swift */ = {isa = PBXFileReference; lastKnownFileType = sourcecode.swift; path = PostureEngine.swift; sourceTree = "<group>"; };
		5D4BD33BDE2395B3D8EB199A /* PostureClassifierTests.swift */ = {isa = PBXFileReference; lastKnownFileType = sourcecode.swift; path = PostureClassifierTests.swift; sourceTree = "<group>"; };
		616E0BB3472EA49F9097F28C /* PostureTests.xctest */ = {isa = PBXFileReference; includeInIndex = 0; lastKnownFileType = wrapper.cfbundle; path = PostureTests.xctest; sourceTree = BUILT_PRODUCTS_DIR; };
		66F3FBE8A4005FEDCA7400EE /* MotionFilter.swift */ = {isa = PBXFileReference; lastKnownFileType = sourcecode.swift; path = MotionFilter.swift; sourceTree = "<group>"; };
		6E819596CB7437F7E793DAA8 /* UserSettings.swift */ = {isa = PBXFileReference; lastKnownFileType = sourcecode.swift; path = UserSettings.swift; sourceTree = "<group>"; };
		6ECC1E97D73D117606FEF03F /* Posture.app */ = {isa = PBXFileReference; includeInIndex = 0; lastKnownFileType = wrapper.application; path = Posture.app; sourceTree = BUILT_PRODUCTS_DIR; };
		7B572F141015FFECA9DB61BC /* ReminderScheduler.swift */ = {isa = PBXFileReference; lastKnownFileType = sourcecode.swift; path = ReminderScheduler.swift; sourceTree = "<group>"; };
		7DD05C26B291E4B5B4989DC8 /* PostureState.swift */ = {isa = PBXFileReference; lastKnownFileType = sourcecode.swift; path = PostureState.swift; sourceTree = "<group>"; };
		80063B7A1ED13EA0E0EF8EC4 /* HabitCard.swift */ = {isa = PBXFileReference; lastKnownFileType = sourcecode.swift; path = HabitCard.swift; sourceTree = "<group>"; };
		B8FDC63C20D81DF9CDAC5A23 /* SettingsView.swift */ = {isa = PBXFileReference; lastKnownFileType = sourcecode.swift; path = SettingsView.swift; sourceTree = "<group>"; };
		D535A2EC08143A0EDA2FEEE3 /* PostureApp.swift */ = {isa = PBXFileReference; lastKnownFileType = sourcecode.swift; path = PostureApp.swift; sourceTree = "<group>"; };
		D5FBF2C4A7DD45057AD10E52 /* SessionManager.swift */ = {isa = PBXFileReference; lastKnownFileType = sourcecode.swift; path = SessionManager.swift; sourceTree = "<group>"; };
		F991CE594D1CB3CE3793ECDD /* PostureSession.swift */ = {isa = PBXFileReference; lastKnownFileType = sourcecode.swift; path = PostureSession.swift; sourceTree = "<group>"; };
/* End PBXFileReference section */

/* Begin PBXGroup section */
		5E2B1AC76E502971F20CDF14 /* Models */ = {
			isa = PBXGroup;
			children = (
				3BA3079C3077E03CA465A758 /* PostureReading.swift */,
				F991CE594D1CB3CE3793ECDD /* PostureSession.swift */,
				6E819596CB7437F7E793DAA8 /* UserSettings.swift */,
				33F4C124B7871B0BEA0E8A55 /* WaterLog.swift */,
			);
			path = Models;
			sourceTree = "<group>";
		};
		61023C30A3A17494756A94E9 /* Products */ = {
			isa = PBXGroup;
			children = (
				6ECC1E97D73D117606FEF03F /* Posture.app */,
				616E0BB3472EA49F9097F28C /* PostureTests.xctest */,
			);
			name = Products;
			sourceTree = "<group>";
		};
		723A81720E30A1E2CFD394BC /* Notifications */ = {
			isa = PBXGroup;
			children = (
				1786ED07E3686C4CF2205F6E /* NotificationModule.swift */,
			);
			path = Notifications;
			sourceTree = "<group>";
		};
		73765D55CC661303BA92E5DC = {
			isa = PBXGroup;
			children = (
				C0AA1F0D5A46466EE1EA4509 /* Sources */,
				BFE00FF76371BFFD67AD9756 /* Tests */,
				61023C30A3A17494756A94E9 /* Products */,
			);
			sourceTree = "<group>";
		};
		88873AA4BF9B1BF089D40B62 /* PostureEngine */ = {
			isa = PBXGroup;
			children = (
				66F3FBE8A4005FEDCA7400EE /* MotionFilter.swift */,
				5004F12D8B8F1C9BC78AEBD8 /* PostureClassifier.swift */,
				538ED412C028272E37D6A785 /* PostureEngine.swift */,
				7DD05C26B291E4B5B4989DC8 /* PostureState.swift */,
			);
			path = PostureEngine;
			sourceTree = "<group>";
		};
		91C38F4319F7DF22066EE096 /* App */ = {
			isa = PBXGroup;
			children = (
				294B5452DA1C5859B0F8CAA0 /* ContentView.swift */,
				D535A2EC08143A0EDA2FEEE3 /* PostureApp.swift */,
			);
			path = App;
			sourceTree = "<group>";
		};
		B8CFEDFDC81D5CC523CA7C52 /* Views */ = {
			isa = PBXGroup;
			children = (
				80063B7A1ED13EA0E0EF8EC4 /* HabitCard.swift */,
				B8FDC63C20D81DF9CDAC5A23 /* SettingsView.swift */,
				16270C85188B052EB01084E3 /* TodayView.swift */,
			);
			path = Views;
			sourceTree = "<group>";
		};
		BFE00FF76371BFFD67AD9756 /* Tests */ = {
			isa = PBXGroup;
			children = (
				D3E4E9631B0775DF7D22B240 /* PostureEngineTests */,
				C49963C5AF8BBC95BE4823D5 /* ReminderTests */,
			);
			path = Tests;
			sourceTree = "<group>";
		};
		C0AA1F0D5A46466EE1EA4509 /* Sources */ = {
			isa = PBXGroup;
			children = (
				91C38F4319F7DF22066EE096 /* App */,
				C58608A95DE96DFDC71949B0 /* DesignSystem */,
				5E2B1AC76E502971F20CDF14 /* Models */,
				723A81720E30A1E2CFD394BC /* Notifications */,
				88873AA4BF9B1BF089D40B62 /* PostureEngine */,
				F42D77D8ABE29EB4D398FFB7 /* Reminders */,
				EB87E37EE5E622C67163E087 /* Session */,
				B8CFEDFDC81D5CC523CA7C52 /* Views */,
			);
			path = Sources;
			sourceTree = "<group>";
		};
		C49963C5AF8BBC95BE4823D5 /* ReminderTests */ = {
			isa = PBXGroup;
			children = (
				21764B1ACFB7449460DD2995 /* MotionFilterTests.swift */,
			);
			path = ReminderTests;
			sourceTree = "<group>";
		};
		C58608A95DE96DFDC71949B0 /* DesignSystem */ = {
			isa = PBXGroup;
			children = (
				416D58A15CCF4E3FF57CCE7B /* Stickman.swift */,
				1746C66A549BD58147D3DECC /* Theme.swift */,
			);
			path = DesignSystem;
			sourceTree = "<group>";
		};
		D3E4E9631B0775DF7D22B240 /* PostureEngineTests */ = {
			isa = PBXGroup;
			children = (
				5D4BD33BDE2395B3D8EB199A /* PostureClassifierTests.swift */,
			);
			path = PostureEngineTests;
			sourceTree = "<group>";
		};
		EB87E37EE5E622C67163E087 /* Session */ = {
			isa = PBXGroup;
			children = (
				D5FBF2C4A7DD45057AD10E52 /* SessionManager.swift */,
				46EA072E5401C41E5FE709D7 /* SessionState.swift */,
			);
			path = Session;
			sourceTree = "<group>";
		};
		F42D77D8ABE29EB4D398FFB7 /* Reminders */ = {
			isa = PBXGroup;
			children = (
				7B572F141015FFECA9DB61BC /* ReminderScheduler.swift */,
			);
			path = Reminders;
			sourceTree = "<group>";
		};
/* End PBXGroup section */

/* Begin PBXNativeTarget section */
		B8379331A4C40861CDDD17E6 /* Posture */ = {
			isa = PBXNativeTarget;
			buildConfigurationList = 2E5114EE74A96F58441FCBCF /* Build configuration list for PBXNativeTarget "Posture" */;
			buildPhases = (
				20010D5F9037E0B3F7CC6986 /* Sources */,
			);
			buildRules = (
			);
			dependencies = (
			);
			name = Posture;
			packageProductDependencies = (
			);
			productName = Posture;
			productReference = 6ECC1E97D73D117606FEF03F /* Posture.app */;
			productType = "com.apple.product-type.application";
		};
		EFE56A3852F9D7E71495FA99 /* PostureTests */ = {
			isa = PBXNativeTarget;
			buildConfigurationList = E8881A24EE01C516DC675DED /* Build configuration list for PBXNativeTarget "PostureTests" */;
			buildPhases = (
				927DE2D55A25059164A94104 /* Sources */,
			);
			buildRules = (
			);
			dependencies = (
				AF32D9EA0668CC45E59A8642 /* PBXTargetDependency */,
			);
			name = PostureTests;
			packageProductDependencies = (
			);
			productName = PostureTests;
			productReference = 616E0BB3472EA49F9097F28C /* PostureTests.xctest */;
			productType = "com.apple.product-type.bundle.unit-test";
		};
/* End PBXNativeTarget section */

/* Begin PBXProject section */
		AC9BB93E700FDCFFDF36191B /* Project object */ = {
			isa = PBXProject;
			attributes = {
				BuildIndependentTargetsInParallel = YES;
				LastUpgradeCheck = 1600;
				TargetAttributes = {
				};
			};
			buildConfigurationList = 064083A57500F5FE89B9A949 /* Build configuration list for PBXProject "Posture" */;
			developmentRegion = en;
			hasScannedForEncodings = 0;
			knownRegions = (
				Base,
				en,
			);
			mainGroup = 73765D55CC661303BA92E5DC;
			minimizedProjectReferenceProxies = 1;
			preferredProjectObjectVersion = 77;
			productRefGroup = 61023C30A3A17494756A94E9 /* Products */;
			projectDirPath = "";
			projectRoot = "";
			targets = (
				B8379331A4C40861CDDD17E6 /* Posture */,
				EFE56A3852F9D7E71495FA99 /* PostureTests */,
			);
		};
/* End PBXProject section */

/* Begin PBXSourcesBuildPhase section */
		20010D5F9037E0B3F7CC6986 /* Sources */ = {
			isa = PBXSourcesBuildPhase;
			buildActionMask = 2147483647;
			files = (
				4C6AED5390513F9284B77919 /* ContentView.swift in Sources */,
				A2B2EF604E45D5FC7FD28F79 /* HabitCard.swift in Sources */,
				A94D81926399790D17A973ED /* MotionFilter.swift in Sources */,
				5A57EB2220F7ACFA730CB77F /* NotificationModule.swift in Sources */,
				85A73B31F5807563D6CBB384 /* PostureApp.swift in Sources */,
				00F741B12CEF0C0745241EE3 /* PostureClassifier.swift in Sources */,
				81BD126F0B25D141BDCDAF65 /* PostureEngine.swift in Sources */,
				2530887CFED27CAC7BC924F3 /* PostureReading.swift in Sources */,
				D9F2497C0E6745C3194A2AE3 /* PostureSession.swift in Sources */,
				EFC4145D44D067CD4366119A /* PostureState.swift in Sources */,
				66CC700FD50F02DFCFF8D11C /* ReminderScheduler.swift in Sources */,
				B957C4A75D9161658965A1B0 /* SessionManager.swift in Sources */,
				42E54990A852D92557FE93B6 /* SessionState.swift in Sources */,
				E2ADC1DCDA66CAEF52D55890 /* SettingsView.swift in Sources */,
				AAEE6398521E9689818D0437 /* Stickman.swift in Sources */,
				345A177010293FAF0765B9A1 /* Theme.swift in Sources */,
				7FBCF0DE7B77FA7D7D866E65 /* TodayView.swift in Sources */,
				6DE2122DC37DA9077430EAF0 /* UserSettings.swift in Sources */,
				90B663165B1FFF1409C9885F /* WaterLog.swift in Sources */,
			);
			runOnlyForDeploymentPostprocessing = 0;
		};
		927DE2D55A25059164A94104 /* Sources */ = {
			isa = PBXSourcesBuildPhase;
			buildActionMask = 2147483647;
			files = (
				0F7A2182EC0133BB4E730248 /* MotionFilterTests.swift in Sources */,
				EE5DFB0D70D46C302CBE739E /* PostureClassifierTests.swift in Sources */,
			);
			runOnlyForDeploymentPostprocessing = 0;
		};
/* End PBXSourcesBuildPhase section */

/* Begin PBXTargetDependency section */
		AF32D9EA0668CC45E59A8642 /* PBXTargetDependency */ = {
			isa = PBXTargetDependency;
			target = B8379331A4C40861CDDD17E6 /* Posture */;
			targetProxy = E673563CCFC7A11447E5AC6D /* PBXContainerItemProxy */;
		};
/* End PBXTargetDependency section */

/* Begin XCBuildConfiguration section */
		0267C2F91383FE21D314BB5F /* Release */ = {
			isa = XCBuildConfiguration;
			buildSettings = {
				ALWAYS_SEARCH_USER_PATHS = NO;
				CLANG_ANALYZER_NONNULL = YES;
				CLANG_ANALYZER_NUMBER_OBJECT_CONVERSION = YES_AGGRESSIVE;
				CLANG_CXX_LANGUAGE_STANDARD = "gnu++14";
				CLANG_CXX_LIBRARY = "libc++";
				CLANG_ENABLE_MODULES = YES;
				CLANG_ENABLE_OBJC_ARC = YES;
				CLANG_ENABLE_OBJC_WEAK = YES;
				CLANG_WARN_BLOCK_CAPTURE_AUTORELEASING = YES;
				CLANG_WARN_BOOL_CONVERSION = YES;
				CLANG_WARN_COMMA = YES;
				CLANG_WARN_CONSTANT_CONVERSION = YES;
				CLANG_WARN_DEPRECATED_OBJC_IMPLEMENTATIONS = YES;
				CLANG_WARN_DIRECT_OBJC_ISA_USAGE = YES_ERROR;
				CLANG_WARN_DOCUMENTATION_COMMENTS = YES;
				CLANG_WARN_EMPTY_BODY = YES;
				CLANG_WARN_ENUM_CONVERSION = YES;
				CLANG_WARN_INFINITE_RECURSION = YES;
				CLANG_WARN_INT_CONVERSION = YES;
				CLANG_WARN_NON_LITERAL_NULL_CONVERSION = YES;
				CLANG_WARN_OBJC_IMPLICIT_RETAIN_SELF = YES;
				CLANG_WARN_OBJC_LITERAL_CONVERSION = YES;
				CLANG_WARN_OBJC_ROOT_CLASS = YES_ERROR;
				CLANG_WARN_QUOTED_INCLUDE_IN_FRAMEWORK_HEADER = YES;
				CLANG_WARN_RANGE_LOOP_ANALYSIS = YES;
				CLANG_WARN_STRICT_PROTOTYPES = YES;
				CLANG_WARN_SUSPICIOUS_MOVE = YES;
				CLANG_WARN_UNGUARDED_AVAILABILITY = YES_AGGRESSIVE;
				CLANG_WARN_UNREACHABLE_CODE = YES;
				CLANG_WARN__DUPLICATE_METHOD_MATCH = YES;
				COPY_PHASE_STRIP = NO;
				DEBUG_INFORMATION_FORMAT = "dwarf-with-dsym";
				ENABLE_NS_ASSERTIONS = NO;
				ENABLE_STRICT_OBJC_MSGSEND = YES;
				GCC_C_LANGUAGE_STANDARD = gnu11;
				GCC_NO_COMMON_BLOCKS = YES;
				GCC_WARN_64_TO_32_BIT_CONVERSION = YES;
				GCC_WARN_ABOUT_RETURN_TYPE = YES_ERROR;
				GCC_WARN_UNDECLARED_SELECTOR = YES;
				GCC_WARN_UNINITIALIZED_AUTOS = YES_AGGRESSIVE;
				GCC_WARN_UNUSED_FUNCTION = YES;
				GCC_WARN_UNUSED_VARIABLE = YES;
				IPHONEOS_DEPLOYMENT_TARGET = 17.0;
				MTL_ENABLE_DEBUG_INFO = NO;
				MTL_FAST_MATH = YES;
				PRODUCT_BUNDLE_IDENTIFIER = com.jayden77.posture;
				PRODUCT_NAME = "$(TARGET_NAME)";
				SDKROOT = iphoneos;
				SWIFT_COMPILATION_MODE = wholemodule;
				SWIFT_OPTIMIZATION_LEVEL = "-O";
				SWIFT_VERSION = 5.9;
				TARGETED_DEVICE_FAMILY = 1;
			};
			name = Release;
		};
		0334660D4C5E158BB2C0D774 /* Debug */ = {
			isa = XCBuildConfiguration;
			buildSettings = {
				ALWAYS_SEARCH_USER_PATHS = NO;
				CLANG_ANALYZER_NONNULL = YES;
				CLANG_ANALYZER_NUMBER_OBJECT_CONVERSION = YES_AGGRESSIVE;
				CLANG_CXX_LANGUAGE_STANDARD = "gnu++14";
				CLANG_CXX_LIBRARY = "libc++";
				CLANG_ENABLE_MODULES = YES;
				CLANG_ENABLE_OBJC_ARC = YES;
				CLANG_ENABLE_OBJC_WEAK = YES;
				CLANG_WARN_BLOCK_CAPTURE_AUTORELEASING = YES;
				CLANG_WARN_BOOL_CONVERSION = YES;
				CLANG_WARN_COMMA = YES;
				CLANG_WARN_CONSTANT_CONVERSION = YES;
				CLANG_WARN_DEPRECATED_OBJC_IMPLEMENTATIONS = YES;
				CLANG_WARN_DIRECT_OBJC_ISA_USAGE = YES_ERROR;
				CLANG_WARN_DOCUMENTATION_COMMENTS = YES;
				CLANG_WARN_EMPTY_BODY = YES;
				CLANG_WARN_ENUM_CONVERSION = YES;
				CLANG_WARN_INFINITE_RECURSION = YES;
				CLANG_WARN_INT_CONVERSION = YES;
				CLANG_WARN_NON_LITERAL_NULL_CONVERSION = YES;
				CLANG_WARN_OBJC_IMPLICIT_RETAIN_SELF = YES;
				CLANG_WARN_OBJC_LITERAL_CONVERSION = YES;
				CLANG_WARN_OBJC_ROOT_CLASS = YES_ERROR;
				CLANG_WARN_QUOTED_INCLUDE_IN_FRAMEWORK_HEADER = YES;
				CLANG_WARN_RANGE_LOOP_ANALYSIS = YES;
				CLANG_WARN_STRICT_PROTOTYPES = YES;
				CLANG_WARN_SUSPICIOUS_MOVE = YES;
				CLANG_WARN_UNGUARDED_AVAILABILITY = YES_AGGRESSIVE;
				CLANG_WARN_UNREACHABLE_CODE = YES;
				CLANG_WARN__DUPLICATE_METHOD_MATCH = YES;
				COPY_PHASE_STRIP = NO;
				DEBUG_INFORMATION_FORMAT = dwarf;
				ENABLE_STRICT_OBJC_MSGSEND = YES;
				ENABLE_TESTABILITY = YES;
				GCC_C_LANGUAGE_STANDARD = gnu11;
				GCC_DYNAMIC_NO_PIC = NO;
				GCC_NO_COMMON_BLOCKS = YES;
				GCC_OPTIMIZATION_LEVEL = 0;
				GCC_PREPROCESSOR_DEFINITIONS = (
					"$(inherited)",
					"DEBUG=1",
				);
				GCC_WARN_64_TO_32_BIT_CONVERSION = YES;
				GCC_WARN_ABOUT_RETURN_TYPE = YES_ERROR;
				GCC_WARN_UNDECLARED_SELECTOR = YES;
				GCC_WARN_UNINITIALIZED_AUTOS = YES_AGGRESSIVE;
				GCC_WARN_UNUSED_FUNCTION = YES;
				GCC_WARN_UNUSED_VARIABLE = YES;
				IPHONEOS_DEPLOYMENT_TARGET = 17.0;
				MTL_ENABLE_DEBUG_INFO = INCLUDE_SOURCE;
				MTL_FAST_MATH = YES;
				ONLY_ACTIVE_ARCH = YES;
				PRODUCT_BUNDLE_IDENTIFIER = com.jayden77.posture;
				PRODUCT_NAME = "$(TARGET_NAME)";
				SDKROOT = iphoneos;
				SWIFT_ACTIVE_COMPILATION_CONDITIONS = DEBUG;
				SWIFT_OPTIMIZATION_LEVEL = "-Onone";
				SWIFT_VERSION = 5.9;
				TARGETED_DEVICE_FAMILY = 1;
			};
			name = Debug;
		};
		8F634CA49CED3766AD53DE71 /* Debug */ = {
			isa = XCBuildConfiguration;
			buildSettings = {
				ASSETCATALOG_COMPILER_APPICON_NAME = AppIcon;
				CODE_SIGN_IDENTITY = "iPhone Developer";
				INFOPLIST_FILE = Resources/Info.plist;
				LD_RUNPATH_SEARCH_PATHS = (
					"$(inherited)",
					"@executable_path/Frameworks",
				);
				PRODUCT_NAME = Posture;
				SDKROOT = iphoneos;
				TARGETED_DEVICE_FAMILY = "1,2";
			};
			name = Debug;
		};
		9F23EEADC08A04D10C4329D9 /* Debug */ = {
			isa = XCBuildConfiguration;
			buildSettings = {
				BUNDLE_LOADER = "$(TEST_HOST)";
				GENERATE_INFOPLIST_FILE = YES;
				LD_RUNPATH_SEARCH_PATHS = (
					"$(inherited)",
					"@executable_path/Frameworks",
					"@loader_path/Frameworks",
				);
				SDKROOT = iphoneos;
				TARGETED_DEVICE_FAMILY = "1,2";
				TEST_HOST = "$(BUILT_PRODUCTS_DIR)/Posture.app/Posture";
			};
			name = Debug;
		};
		A0EE9FFF68D86C5E25C8F115 /* Release */ = {
			isa = XCBuildConfiguration;
			buildSettings = {
				ASSETCATALOG_COMPILER_APPICON_NAME = AppIcon;
				CODE_SIGN_IDENTITY = "iPhone Developer";
				INFOPLIST_FILE = Resources/Info.plist;
				LD_RUNPATH_SEARCH_PATHS = (
					"$(inherited)",
					"@executable_path/Frameworks",
				);
				PRODUCT_NAME = Posture;
				SDKROOT = iphoneos;
				TARGETED_DEVICE_FAMILY = "1,2";
			};
			name = Release;
		};
		F557EEC5B9CA7CC66FC8B4DE /* Release */ = {
			isa = XCBuildConfiguration;
			buildSettings = {
				BUNDLE_LOADER = "$(TEST_HOST)";
				GENERATE_INFOPLIST_FILE = YES;
				LD_RUNPATH_SEARCH_PATHS = (
					"$(inherited)",
					"@executable_path/Frameworks",
					"@loader_path/Frameworks",
				);
				SDKROOT = iphoneos;
				TARGETED_DEVICE_FAMILY = "1,2";
				TEST_HOST = "$(BUILT_PRODUCTS_DIR)/Posture.app/Posture";
			};
			name = Release;
		};
/* End XCBuildConfiguration section */

/* Begin XCConfigurationList section */
		064083A57500F5FE89B9A949 /* Build configuration list for PBXProject "Posture" */ = {
			isa = XCConfigurationList;
			buildConfigurations = (
				0334660D4C5E158BB2C0D774 /* Debug */,
				0267C2F91383FE21D314BB5F /* Release */,
			);
			defaultConfigurationIsVisible = 0;
			defaultConfigurationName = Debug;
		};
		2E5114EE74A96F58441FCBCF /* Build configuration list for PBXNativeTarget "Posture" */ = {
			isa = XCConfigurationList;
			buildConfigurations = (
				8F634CA49CED3766AD53DE71 /* Debug */,
				A0EE9FFF68D86C5E25C8F115 /* Release */,
			);
			defaultConfigurationIsVisible = 0;
			defaultConfigurationName = Debug;
		};
		E8881A24EE01C516DC675DED /* Build configuration list for PBXNativeTarget "PostureTests" */ = {
			isa = XCConfigurationList;
			buildConfigurations = (
				9F23EEADC08A04D10C4329D9 /* Debug */,
				F557EEC5B9CA7CC66FC8B4DE /* Release */,
			);
			defaultConfigurationIsVisible = 0;
			defaultConfigurationName = Debug;
		};
/* End XCConfigurationList section */
	};
	rootObject = AC9BB93E700FDCFFDF36191B /* Project object */;
}
