// !$*UTF8*$!
{
	archiveVersion = 1;
	classes = {
	};
	objectVersion = 77;
	objects = {

/* Begin PBXBuildFile section */
		010EE8D52173E974588740D1 /* ReminderSchedulerTests.swift in Sources */ = {isa = PBXBuildFile; fileRef = B04E39315C4FCF860A18724C /* ReminderSchedulerTests.swift */; };
		05EE034A179FD6EC3CE36502 /* MenuBarPopoverView.swift in Sources */ = {isa = PBXBuildFile; fileRef = E83B2D9423D94A902FE85400 /* MenuBarPopoverView.swift */; };
		06D36290CE50FCF249BFA5A9 /* SessionManager.swift in Sources */ = {isa = PBXBuildFile; fileRef = 96CB4F6112A86304628E4F36 /* SessionManager.swift */; };
		079C0D2FDE34812FE63A56B3 /* DisconnectedView.swift in Sources */ = {isa = PBXBuildFile; fileRef = 73B3059E70F032DE7AA10838 /* DisconnectedView.swift */; };
		0BDF1C62183436922C956DDC /* SunlightScheduler.swift in Sources */ = {isa = PBXBuildFile; fileRef = DD91A15EA5820C397FE323E5 /* SunlightScheduler.swift */; };
		0C4C16F2D56DA332A49F39AC /* SessionManagerStallTests.swift in Sources */ = {isa = PBXBuildFile; fileRef = DF4EFC390FDBAE7AF14BFFFD /* SessionManagerStallTests.swift */; };
		0C65869519AC994D2123C089 /* AppModel.swift in Sources */ = {isa = PBXBuildFile; fileRef = EB90D94EC04E4B75FF0C33D0 /* AppModel.swift */; };
		0F462B6D10C854099230B23B /* MenuBarState.swift in Sources */ = {isa = PBXBuildFile; fileRef = 1FC02BB88CF1E7E5C7762B01 /* MenuBarState.swift */; };
		1551EAE6AEF0C587C8FB192E /* ReminderSchedulerTests.swift in Sources */ = {isa = PBXBuildFile; fileRef = B04E39315C4FCF860A18724C /* ReminderSchedulerTests.swift */; };
		16E5C1DD3C06616C1E03D97C /* NotificationModule.swift in Sources */ = {isa = PBXBuildFile; fileRef = 969966FA7A6F091E9D9BC4CC /* NotificationModule.swift */; };
		1997F2A48CF21B0E8E3063C1 /* MotionFilter.swift in Sources */ = {isa = PBXBuildFile; fileRef = 83A7257CD4CF570D0B24716E /* MotionFilter.swift */; };
		19E02739240AAECA9110F0C9 /* MotionFilterTests.swift in Sources */ = {isa = PBXBuildFile; fileRef = 0974D445CBC729D74A799425 /* MotionFilterTests.swift */; };
		1C5ABBCAA7B3F780B11A2A11 /* MotionFilter.swift in Sources */ = {isa = PBXBuildFile; fileRef = 83A7257CD4CF570D0B24716E /* MotionFilter.swift */; };
		1E13E2BEDE2AB1D73F9F0C49 /* PostureSession.swift in Sources */ = {isa = PBXBuildFile; fileRef = 4936AC11A4E0CDE792094471 /* PostureSession.swift */; };
		230DCE1F824C8763166AEFBA /* SynthesisApp.swift in Sources */ = {isa = PBXBuildFile; fileRef = 74C1349A6E6426322435F153 /* SynthesisApp.swift */; };
		23D75DDA45F8BDC1BF88B5D6 /* PlantMascot.swift in Sources */ = {isa = PBXBuildFile; fileRef = ECA77A4EEDEE0DC4C3A0CBC7 /* PlantMascot.swift */; };
		241D2048842E47BB4F3A86F1 /* CalibrateView.swift in Sources */ = {isa = PBXBuildFile; fileRef = 0FE69DA461C091185EFE251E /* CalibrateView.swift */; };
		2CC4A5A7E85BE22D8174F6EF /* SimulatorOverlay.swift in Sources */ = {isa = PBXBuildFile; fileRef = 08D22EEE52F811688AEBBC7A /* SimulatorOverlay.swift */; };
		2CE60710E86BAE018AE59ABF /* Monstera.swift in Sources */ = {isa = PBXBuildFile; fileRef = B69593EB47D66F038545CAF0 /* Monstera.swift */; };
		2D54E31D8EB6E4E4E1CD4B6E /* Sunflower.swift in Sources */ = {isa = PBXBuildFile; fileRef = 0E1288F1A5E07F1598670506 /* Sunflower.swift */; };
		303776DC368381B11986E591 /* MenuBarStateTests.swift in Sources */ = {isa = PBXBuildFile; fileRef = DC359FB08AB5D6B42D1D14EA /* MenuBarStateTests.swift */; };
		306CA8714F123456D1192B5A /* Rumduol.swift in Sources */ = {isa = PBXBuildFile; fileRef = 56315FA3F6A54333F14AEE79 /* Rumduol.swift */; };
		34E6ED75CD9031D1E91FE9E6 /* SessionManager.swift in Sources */ = {isa = PBXBuildFile; fileRef = 96CB4F6112A86304628E4F36 /* SessionManager.swift */; };
		377D85C9B5A7A5C731204902 /* ContentView.swift in Sources */ = {isa = PBXBuildFile; fileRef = A3CAF54E676B437C3870AAF9 /* ContentView.swift */; };
		3970A8D1ED711E47BFCF1C1E /* MenuBarState.swift in Sources */ = {isa = PBXBuildFile; fileRef = 1FC02BB88CF1E7E5C7762B01 /* MenuBarState.swift */; };
		3D2490F86348028E39D5A54C /* SettingsView.swift in Sources */ = {isa = PBXBuildFile; fileRef = 04A6041CD6092FFA063455AA /* SettingsView.swift */; };
		3FAEB413FAEFFCF235B9090F /* TrendsView.swift in Sources */ = {isa = PBXBuildFile; fileRef = CDC556E9AF90B026FB2792C0 /* TrendsView.swift */; };
		40ED41E7156952F913B186C7 /* MenuBarPopoverView.swift in Sources */ = {isa = PBXBuildFile; fileRef = E83B2D9423D94A902FE85400 /* MenuBarPopoverView.swift */; };
		4199D8364B799D6643E5539C /* Sampaguita.swift in Sources */ = {isa = PBXBuildFile; fileRef = 7174D6357461586A69EC51E5 /* Sampaguita.swift */; };
		44FB4373C017E71C0032E8BD /* PostureClassifier.swift in Sources */ = {isa = PBXBuildFile; fileRef = 93DDE8EB8B33CDF0C8632CB7 /* PostureClassifier.swift */; };
		45037AED78BFD38D50898025 /* StepReader.swift in Sources */ = {isa = PBXBuildFile; fileRef = B25C75BA2813E3FA774DA720 /* StepReader.swift */; };
		4CA18A87FBCE3625B5BACD43 /* MelatiJasmine.swift in Sources */ = {isa = PBXBuildFile; fileRef = 3A35A49A207BE7094D1CB51E /* MelatiJasmine.swift */; };
		4E4C3959BC58DD4B26EB57CD /* PlantPicker.swift in Sources */ = {isa = PBXBuildFile; fileRef = 76B0BE979AD5A2731FEA9A96 /* PlantPicker.swift */; };
		4FB3428AA9FE063F94E34DE4 /* Theme.swift in Sources */ = {isa = PBXBuildFile; fileRef = 75E93BDDC49F4CAB11E49BAB /* Theme.swift */; };
		50D3BB0F28CF7CA177D4D341 /* SessionState.swift in Sources */ = {isa = PBXBuildFile; fileRef = 8DE96556B7C778F797B1D0CA /* SessionState.swift */; };
		50DE7F6E13F9D252923B5184 /* VandaOrchid.swift in Sources */ = {isa = PBXBuildFile; fileRef = 0002BD60B2AE26A044F70AA0 /* VandaOrchid.swift */; };
		510D9E59B00BCB10E8BBF33E /* Rose.swift in Sources */ = {isa = PBXBuildFile; fileRef = CC194A7CA49AEFAF9544E5F7 /* Rose.swift */; };
		51164376F9C462A35B2098E0 /* Lotus.swift in Sources */ = {isa = PBXBuildFile; fileRef = 8824413888A97E294A823A42 /* Lotus.swift */; };
		530C2E6C338A617104173E4D /* PostureEngineCalibrationTests.swift in Sources */ = {isa = PBXBuildFile; fileRef = 0146062510D6296BEAD5EC07 /* PostureEngineCalibrationTests.swift */; };
		54B8C221572CBEB299671501 /* Theme.swift in Sources */ = {isa = PBXBuildFile; fileRef = 75E93BDDC49F4CAB11E49BAB /* Theme.swift */; };
		579BCEA6D1BEC4C89CC731CF /* DokChampa.swift in Sources */ = {isa = PBXBuildFile; fileRef = E79C2EE4AFBE6C9EEF602513 /* DokChampa.swift */; };
		5AB33C7117C54A05021155C7 /* SynthesisApp.swift in Sources */ = {isa = PBXBuildFile; fileRef = 74C1349A6E6426322435F153 /* SynthesisApp.swift */; };
		5AEBA15F00E2287444F759C7 /* SettingsView.swift in Sources */ = {isa = PBXBuildFile; fileRef = 04A6041CD6092FFA063455AA /* SettingsView.swift */; };
		5C1A212125A2196556065E5B /* MenuBarStateTests.swift in Sources */ = {isa = PBXBuildFile; fileRef = DC359FB08AB5D6B42D1D14EA /* MenuBarStateTests.swift */; };
		5F004DB0BDB26DC53C3417BD /* Padauk.swift in Sources */ = {isa = PBXBuildFile; fileRef = E94E12F48F77B252593EBCEC /* Padauk.swift */; };
		60E0CFC79E5488961AD61C3C /* ContentView.swift in Sources */ = {isa = PBXBuildFile; fileRef = A3CAF54E676B437C3870AAF9 /* ContentView.swift */; };
		637B28C8ADB826A125857493 /* PostureReading.swift in Sources */ = {isa = PBXBuildFile; fileRef = D3C175572A062064D96E4747 /* PostureReading.swift */; };
		64531A6A05F6EA7281A6C9A5 /* WaterLog.swift in Sources */ = {isa = PBXBuildFile; fileRef = 5DE114FE2B5ACFFF0589D292 /* WaterLog.swift */; };
		6655EAF276097DE8AE8A8E5B /* NowView.swift in Sources */ = {isa = PBXBuildFile; fileRef = 8931605AAAE63A5861811287 /* NowView.swift */; };
		6969CBDCA33498FAAE779C47 /* SolarCalculator.swift in Sources */ = {isa = PBXBuildFile; fileRef = 0CB8A0252B3194AA8926440E /* SolarCalculator.swift */; };
		6AC6069A418476449C9F94D1 /* PostureEngineCalibrationTests.swift in Sources */ = {isa = PBXBuildFile; fileRef = 0146062510D6296BEAD5EC07 /* PostureEngineCalibrationTests.swift */; };
		6D36027EA5669685B5C8BD46 /* ReminderScheduler.swift in Sources */ = {isa = PBXBuildFile; fileRef = C0639C6AADB8AE8C792F067F /* ReminderScheduler.swift */; };
		6E866D607E7200667AFEC576 /* CalibrateView.swift in Sources */ = {isa = PBXBuildFile; fileRef = 0FE69DA461C091185EFE251E /* CalibrateView.swift */; };
		6F53A347C58B35C88444200A /* PlantMascot.swift in Sources */ = {isa = PBXBuildFile; fileRef = ECA77A4EEDEE0DC4C3A0CBC7 /* PlantMascot.swift */; };
		727CB4C45F691161D9996439 /* PostureClassifierTests.swift in Sources */ = {isa = PBXBuildFile; fileRef = B28C3204DC6B6631DE317362 /* PostureClassifierTests.swift */; };
		73083518F12F67382EC823F5 /* SessionManagerStallTests.swift in Sources */ = {isa = PBXBuildFile; fileRef = DF4EFC390FDBAE7AF14BFFFD /* SessionManagerStallTests.swift */; };
		79FB3DFB13EE5E4C41007C03 /* MotionFilterTests.swift in Sources */ = {isa = PBXBuildFile; fileRef = 0974D445CBC729D74A799425 /* MotionFilterTests.swift */; };
		82F0A73B3E6344D03A11F8D9 /* CardStyle.swift in Sources */ = {isa = PBXBuildFile; fileRef = FD374C070DDFE84E6D124F77 /* CardStyle.swift */; };
		83CEBAF15B3E0E991E4EE3C9 /* SimulatedMotionSource.swift in Sources */ = {isa = PBXBuildFile; fileRef = 612354F2ADC3F0BCEBB31E80 /* SimulatedMotionSource.swift */; };
		86F2329D22752B521D75D3D2 /* MenuBarGlyph.swift in Sources */ = {isa = PBXBuildFile; fileRef = 37B86B3CDD36F74B6217168B /* MenuBarGlyph.swift */; };
		873B672FBFF9B45F20D81E78 /* Rumduol.swift in Sources */ = {isa = PBXBuildFile; fileRef = 56315FA3F6A54333F14AEE79 /* Rumduol.swift */; };
		885A5348A74F1E1F6F88B59B /* PostureClassifierTests.swift in Sources */ = {isa = PBXBuildFile; fileRef = B28C3204DC6B6631DE317362 /* PostureClassifierTests.swift */; };
		8AB9951181973A726088271E /* OnboardingFlow.swift in Sources */ = {isa = PBXBuildFile; fileRef = FC4E81BF13955CDE57CEE117 /* OnboardingFlow.swift */; };
		8C034AE3F2659832204687A0 /* DisconnectedView.swift in Sources */ = {isa = PBXBuildFile; fileRef = 73B3059E70F032DE7AA10838 /* DisconnectedView.swift */; };
		8E24737D0BC931FE7F0E3FF4 /* GoldenShower.swift in Sources */ = {isa = PBXBuildFile; fileRef = A847473AA284766C50F16084 /* GoldenShower.swift */; };
		8FA4D9F2E468231A95620D17 /* TrendsView.swift in Sources */ = {isa = PBXBuildFile; fileRef = CDC556E9AF90B026FB2792C0 /* TrendsView.swift */; };
		934ECFDCDA77906D86C94EBF /* PlantPot.swift in Sources */ = {isa = PBXBuildFile; fileRef = 7DC6B6E11BB209856218C5A8 /* PlantPot.swift */; };
		93753189FDB0AC14E0D54AEB /* Sampaguita.swift in Sources */ = {isa = PBXBuildFile; fileRef = 7174D6357461586A69EC51E5 /* Sampaguita.swift */; };
		94061DEB412315B776BADBFD /* WaterPerkOverlay.swift in Sources */ = {isa = PBXBuildFile; fileRef = E4D4A61127877CF1752DC138 /* WaterPerkOverlay.swift */; };
		94490309E35FD13D11263115 /* DokChampa.swift in Sources */ = {isa = PBXBuildFile; fileRef = E79C2EE4AFBE6C9EEF602513 /* DokChampa.swift */; };
		94A2D8B68AC69E6FC7D38E26 /* PostureEngine.swift in Sources */ = {isa = PBXBuildFile; fileRef = 956441B48F69F52F11EFBD35 /* PostureEngine.swift */; };
		969BC0911578329B6A24A48A /* VandaOrchid.swift in Sources */ = {isa = PBXBuildFile; fileRef = 0002BD60B2AE26A044F70AA0 /* VandaOrchid.swift */; };
		9AEA6FD2FC56D62D15A98C1A /* CardStyle.swift in Sources */ = {isa = PBXBuildFile; fileRef = FD374C070DDFE84E6D124F77 /* CardStyle.swift */; };
		A00F72965F7BC406B6D9BDC7 /* SunlightScheduler.swift in Sources */ = {isa = PBXBuildFile; fileRef = DD91A15EA5820C397FE323E5 /* SunlightScheduler.swift */; };
		A0350BE0DD78E6E5DC2A07D3 /* UserSettings.swift in Sources */ = {isa = PBXBuildFile; fileRef = 79D2843195070E290EA13E24 /* UserSettings.swift */; };
		A53A1F4B60C602DDC34EC7D9 /* PostureState.swift in Sources */ = {isa = PBXBuildFile; fileRef = B26D1CF9110B5B14C2040D56 /* PostureState.swift */; };
		A5D6A692FD477099CC7E214F /* MenuBarGlyph.swift in Sources */ = {isa = PBXBuildFile; fileRef = 37B86B3CDD36F74B6217168B /* MenuBarGlyph.swift */; };
		A88E17A78671D4DAE291880F /* MelatiJasmine.swift in Sources */ = {isa = PBXBuildFile; fileRef = 3A35A49A207BE7094D1CB51E /* MelatiJasmine.swift */; };
		A94183FFE7D0E205BF08647B /* PostureReading.swift in Sources */ = {isa = PBXBuildFile; fileRef = D3C175572A062064D96E4747 /* PostureReading.swift */; };
		A96A7A839F73BEC73BA050EF /* PostureClassifier.swift in Sources */ = {isa = PBXBuildFile; fileRef = 93DDE8EB8B33CDF0C8632CB7 /* PostureClassifier.swift */; };
		B23090691198429899B5A831 /* PlantPot.swift in Sources */ = {isa = PBXBuildFile; fileRef = 7DC6B6E11BB209856218C5A8 /* PlantPot.swift */; };
		B24BCD6752658463092BAA5E /* OnboardingFlow.swift in Sources */ = {isa = PBXBuildFile; fileRef = FC4E81BF13955CDE57CEE117 /* OnboardingFlow.swift */; };
		B460887B66902164F26D77CE /* PostureSession.swift in Sources */ = {isa = PBXBuildFile; fileRef = 4936AC11A4E0CDE792094471 /* PostureSession.swift */; };
		BA8B38C21ACFA733916C0CE9 /* Hibiscus.swift in Sources */ = {isa = PBXBuildFile; fileRef = 9731C9D8D49ED566942C392B /* Hibiscus.swift */; };
		BD4390435F856BF4094A55B8 /* Monstera.swift in Sources */ = {isa = PBXBuildFile; fileRef = B69593EB47D66F038545CAF0 /* Monstera.swift */; };
		BD9DE570F558FD41F3344608 /* Lotus.swift in Sources */ = {isa = PBXBuildFile; fileRef = 8824413888A97E294A823A42 /* Lotus.swift */; };
		C3B8B1366FEA33F915819BE3 /* SessionState.swift in Sources */ = {isa = PBXBuildFile; fileRef = 8DE96556B7C778F797B1D0CA /* SessionState.swift */; };
		C48B7AAEE1D65EA5612CEE1E /* PostureState.swift in Sources */ = {isa = PBXBuildFile; fileRef = B26D1CF9110B5B14C2040D56 /* PostureState.swift */; };
		C550CFB16A6E39CE8A3764F0 /* NotificationModule.swift in Sources */ = {isa = PBXBuildFile; fileRef = 969966FA7A6F091E9D9BC4CC /* NotificationModule.swift */; };
		C653D7E16C7F5A39C61E642F /* SolarCalculator.swift in Sources */ = {isa = PBXBuildFile; fileRef = 0CB8A0252B3194AA8926440E /* SolarCalculator.swift */; };
		D5822822A2C590041677E4DC /* Hibiscus.swift in Sources */ = {isa = PBXBuildFile; fileRef = 9731C9D8D49ED566942C392B /* Hibiscus.swift */; };
		D775A5E889BC79FE6A9280B9 /* SimulatorOverlay.swift in Sources */ = {isa = PBXBuildFile; fileRef = 08D22EEE52F811688AEBBC7A /* SimulatorOverlay.swift */; };
		D944040280252035620496DA /* WaterPerkOverlay.swift in Sources */ = {isa = PBXBuildFile; fileRef = E4D4A61127877CF1752DC138 /* WaterPerkOverlay.swift */; };
		DAC6814A2CC9E95B4EB61FE8 /* ReminderScheduler.swift in Sources */ = {isa = PBXBuildFile; fileRef = C0639C6AADB8AE8C792F067F /* ReminderScheduler.swift */; };
		DEFD0E94C8FE8E7E7524A713 /* UserSettings.swift in Sources */ = {isa = PBXBuildFile; fileRef = 79D2843195070E290EA13E24 /* UserSettings.swift */; };
		E0469B58D549F9F513C08ED0 /* StepReader.swift in Sources */ = {isa = PBXBuildFile; fileRef = B25C75BA2813E3FA774DA720 /* StepReader.swift */; };
		E0A95CA823AAAF34DCBDE180 /* Rose.swift in Sources */ = {isa = PBXBuildFile; fileRef = CC194A7CA49AEFAF9544E5F7 /* Rose.swift */; };
		E4531133CCD5613C413B90AB /* PlantPicker.swift in Sources */ = {isa = PBXBuildFile; fileRef = 76B0BE979AD5A2731FEA9A96 /* PlantPicker.swift */; };
		EE112D97A3BEA328F5157E45 /* SimulatedMotionSource.swift in Sources */ = {isa = PBXBuildFile; fileRef = 612354F2ADC3F0BCEBB31E80 /* SimulatedMotionSource.swift */; };
		F0B126BEB07BCBCCCDBBAF89 /* WaterLog.swift in Sources */ = {isa = PBXBuildFile; fileRef = 5DE114FE2B5ACFFF0589D292 /* WaterLog.swift */; };
		F51AC5D8124AF85D70D05C89 /* GoldenShower.swift in Sources */ = {isa = PBXBuildFile; fileRef = A847473AA284766C50F16084 /* GoldenShower.swift */; };
		F7956DAA1C62AA43E95277B9 /* AppModel.swift in Sources */ = {isa = PBXBuildFile; fileRef = EB90D94EC04E4B75FF0C33D0 /* AppModel.swift */; };
		F9F8AC12697AB6BB25D47E29 /* Padauk.swift in Sources */ = {isa = PBXBuildFile; fileRef = E94E12F48F77B252593EBCEC /* Padauk.swift */; };
		F9FCA8604220B30A98C1343D /* Sunflower.swift in Sources */ = {isa = PBXBuildFile; fileRef = 0E1288F1A5E07F1598670506 /* Sunflower.swift */; };
		FD6289CFE93A4796E766C41B /* PostureEngine.swift in Sources */ = {isa = PBXBuildFile; fileRef = 956441B48F69F52F11EFBD35 /* PostureEngine.swift */; };
		FDCD8C94DACB52999FA0F31A /* NowView.swift in Sources */ = {isa = PBXBuildFile; fileRef = 8931605AAAE63A5861811287 /* NowView.swift */; };
		FF70E1B4EEC63A1E894DC807 /* HealthKit.framework in Frameworks */ = {isa = PBXBuildFile; fileRef = 68960274C4B382BE2E7E9879 /* HealthKit.framework */; };
/* End PBXBuildFile section */

/* Begin PBXContainerItemProxy section */
		1C1A43B7A6857BEE03DA4BC8 /* PBXContainerItemProxy */ = {
			isa = PBXContainerItemProxy;
			containerPortal = AC210D2293ECE6C43245568F /* Project object */;
			proxyType = 1;
			remoteGlobalIDString = 51412B453DF63B2FB32963D9;
			remoteInfo = Synthesis;
		};
		8462B0A1C1BEF8C0528C5182 /* PBXContainerItemProxy */ = {
			isa = PBXContainerItemProxy;
			containerPortal = AC210D2293ECE6C43245568F /* Project object */;
			proxyType = 1;
			remoteGlobalIDString = C89E18E9829D1D67A0FABF34;
			remoteInfo = SynthesisMac;
		};
/* End PBXContainerItemProxy section */

/* Begin PBXFileReference section */
		0002BD60B2AE26A044F70AA0 /* VandaOrchid.swift */ = {isa = PBXFileReference; lastKnownFileType = sourcecode.swift; path = VandaOrchid.swift; sourceTree = "<group>"; };
		0146062510D6296BEAD5EC07 /* PostureEngineCalibrationTests.swift */ = {isa = PBXFileReference; lastKnownFileType = sourcecode.swift; path = PostureEngineCalibrationTests.swift; sourceTree = "<group>"; };
		04A6041CD6092FFA063455AA /* SettingsView.swift */ = {isa = PBXFileReference; lastKnownFileType = sourcecode.swift; path = SettingsView.swift; sourceTree = "<group>"; };
		08D22EEE52F811688AEBBC7A /* SimulatorOverlay.swift */ = {isa = PBXFileReference; lastKnownFileType = sourcecode.swift; path = SimulatorOverlay.swift; sourceTree = "<group>"; };
		0974D445CBC729D74A799425 /* MotionFilterTests.swift */ = {isa = PBXFileReference; lastKnownFileType = sourcecode.swift; path = MotionFilterTests.swift; sourceTree = "<group>"; };
		0CB8A0252B3194AA8926440E /* SolarCalculator.swift */ = {isa = PBXFileReference; lastKnownFileType = sourcecode.swift; path = SolarCalculator.swift; sourceTree = "<group>"; };
		0E1288F1A5E07F1598670506 /* Sunflower.swift */ = {isa = PBXFileReference; lastKnownFileType = sourcecode.swift; path = Sunflower.swift; sourceTree = "<group>"; };
		0FE69DA461C091185EFE251E /* CalibrateView.swift */ = {isa = PBXFileReference; lastKnownFileType = sourcecode.swift; path = CalibrateView.swift; sourceTree = "<group>"; };
		1FC02BB88CF1E7E5C7762B01 /* MenuBarState.swift */ = {isa = PBXFileReference; lastKnownFileType = sourcecode.swift; path = MenuBarState.swift; sourceTree = "<group>"; };
		37B86B3CDD36F74B6217168B /* MenuBarGlyph.swift */ = {isa = PBXFileReference; lastKnownFileType = sourcecode.swift; path = MenuBarGlyph.swift; sourceTree = "<group>"; };
		3A35A49A207BE7094D1CB51E /* MelatiJasmine.swift */ = {isa = PBXFileReference; lastKnownFileType = sourcecode.swift; path = MelatiJasmine.swift; sourceTree = "<group>"; };
		4936AC11A4E0CDE792094471 /* PostureSession.swift */ = {isa = PBXFileReference; lastKnownFileType = sourcecode.swift; path = PostureSession.swift; sourceTree = "<group>"; };
		56315FA3F6A54333F14AEE79 /* Rumduol.swift */ = {isa = PBXFileReference; lastKnownFileType = sourcecode.swift; path = Rumduol.swift; sourceTree = "<group>"; };
		5DE114FE2B5ACFFF0589D292 /* WaterLog.swift */ = {isa = PBXFileReference; lastKnownFileType = sourcecode.swift; path = WaterLog.swift; sourceTree = "<group>"; };
		612354F2ADC3F0BCEBB31E80 /* SimulatedMotionSource.swift */ = {isa = PBXFileReference; lastKnownFileType = sourcecode.swift; path = SimulatedMotionSource.swift; sourceTree = "<group>"; };
		68960274C4B382BE2E7E9879 /* HealthKit.framework */ = {isa = PBXFileReference; lastKnownFileType = wrapper.framework; name = HealthKit.framework; path = System/Library/Frameworks/HealthKit.framework; sourceTree = SDKROOT; };
		7174D6357461586A69EC51E5 /* Sampaguita.swift */ = {isa = PBXFileReference; lastKnownFileType = sourcecode.swift; path = Sampaguita.swift; sourceTree = "<group>"; };
		73B3059E70F032DE7AA10838 /* DisconnectedView.swift */ = {isa = PBXFileReference; lastKnownFileType = sourcecode.swift; path = DisconnectedView.swift; sourceTree = "<group>"; };
		74C1349A6E6426322435F153 /* SynthesisApp.swift */ = {isa = PBXFileReference; lastKnownFileType = sourcecode.swift; path = SynthesisApp.swift; sourceTree = "<group>"; };
		75E93BDDC49F4CAB11E49BAB /* Theme.swift */ = {isa = PBXFileReference; lastKnownFileType = sourcecode.swift; path = Theme.swift; sourceTree = "<group>"; };
		76B0BE979AD5A2731FEA9A96 /* PlantPicker.swift */ = {isa = PBXFileReference; lastKnownFileType = sourcecode.swift; path = PlantPicker.swift; sourceTree = "<group>"; };
		79D2843195070E290EA13E24 /* UserSettings.swift */ = {isa = PBXFileReference; lastKnownFileType = sourcecode.swift; path = UserSettings.swift; sourceTree = "<group>"; };
		7DC6B6E11BB209856218C5A8 /* PlantPot.swift */ = {isa = PBXFileReference; lastKnownFileType = sourcecode.swift; path = PlantPot.swift; sourceTree = "<group>"; };
		83A7257CD4CF570D0B24716E /* MotionFilter.swift */ = {isa = PBXFileReference; lastKnownFileType = sourcecode.swift; path = MotionFilter.swift; sourceTree = "<group>"; };
		8824413888A97E294A823A42 /* Lotus.swift */ = {isa = PBXFileReference; lastKnownFileType = sourcecode.swift; path = Lotus.swift; sourceTree = "<group>"; };
		8931605AAAE63A5861811287 /* NowView.swift */ = {isa = PBXFileReference; lastKnownFileType = sourcecode.swift; path = NowView.swift; sourceTree = "<group>"; };
		8A7B144A178F4909C2DADE45 /* Synthesis.app */ = {isa = PBXFileReference; explicitFileType = wrapper.application; includeInIndex = 0; path = Synthesis.app; sourceTree = BUILT_PRODUCTS_DIR; };
		8DE96556B7C778F797B1D0CA /* SessionState.swift */ = {isa = PBXFileReference; lastKnownFileType = sourcecode.swift; path = SessionState.swift; sourceTree = "<group>"; };
		93DDE8EB8B33CDF0C8632CB7 /* PostureClassifier.swift */ = {isa = PBXFileReference; lastKnownFileType = sourcecode.swift; path = PostureClassifier.swift; sourceTree = "<group>"; };
		94766EAADF687406DFE8EF10 /* Synthesis.app */ = {isa = PBXFileReference; includeInIndex = 0; lastKnownFileType = wrapper.application; path = Synthesis.app; sourceTree = BUILT_PRODUCTS_DIR; };
		956441B48F69F52F11EFBD35 /* PostureEngine.swift */ = {isa = PBXFileReference; lastKnownFileType = sourcecode.swift; path = PostureEngine.swift; sourceTree = "<group>"; };
		969966FA7A6F091E9D9BC4CC /* NotificationModule.swift */ = {isa = PBXFileReference; lastKnownFileType = sourcecode.swift; path = NotificationModule.swift; sourceTree = "<group>"; };
		96CB4F6112A86304628E4F36 /* SessionManager.swift */ = {isa = PBXFileReference; lastKnownFileType = sourcecode.swift; path = SessionManager.swift; sourceTree = "<group>"; };
		9731C9D8D49ED566942C392B /* Hibiscus.swift */ = {isa = PBXFileReference; lastKnownFileType = sourcecode.swift; path = Hibiscus.swift; sourceTree = "<group>"; };
		A3CAF54E676B437C3870AAF9 /* ContentView.swift */ = {isa = PBXFileReference; lastKnownFileType = sourcecode.swift; path = ContentView.swift; sourceTree = "<group>"; };
		A847473AA284766C50F16084 /* GoldenShower.swift */ = {isa = PBXFileReference; lastKnownFileType = sourcecode.swift; path = GoldenShower.swift; sourceTree = "<group>"; };
		B04E39315C4FCF860A18724C /* ReminderSchedulerTests.swift */ = {isa = PBXFileReference; lastKnownFileType = sourcecode.swift; path = ReminderSchedulerTests.swift; sourceTree = "<group>"; };
		B25C75BA2813E3FA774DA720 /* StepReader.swift */ = {isa = PBXFileReference; lastKnownFileType = sourcecode.swift; path = StepReader.swift; sourceTree = "<group>"; };
		B26D1CF9110B5B14C2040D56 /* PostureState.swift */ = {isa = PBXFileReference; lastKnownFileType = sourcecode.swift; path = PostureState.swift; sourceTree = "<group>"; };
		B28C3204DC6B6631DE317362 /* PostureClassifierTests.swift */ = {isa = PBXFileReference; lastKnownFileType = sourcecode.swift; path = PostureClassifierTests.swift; sourceTree = "<group>"; };
		B69593EB47D66F038545CAF0 /* Monstera.swift */ = {isa = PBXFileReference; lastKnownFileType = sourcecode.swift; path = Monstera.swift; sourceTree = "<group>"; };
		B75F4BCAE51B7CF7CA49A08B /* SynthesisMacTests.xctest */ = {isa = PBXFileReference; explicitFileType = wrapper.cfbundle; includeInIndex = 0; path = SynthesisMacTests.xctest; sourceTree = BUILT_PRODUCTS_DIR; };
		C0639C6AADB8AE8C792F067F /* ReminderScheduler.swift */ = {isa = PBXFileReference; lastKnownFileType = sourcecode.swift; path = ReminderScheduler.swift; sourceTree = "<group>"; };
		CB12B512D469835052AE3E60 /* SynthesisTests.xctest */ = {isa = PBXFileReference; includeInIndex = 0; lastKnownFileType = wrapper.cfbundle; path = SynthesisTests.xctest; sourceTree = BUILT_PRODUCTS_DIR; };
		CC194A7CA49AEFAF9544E5F7 /* Rose.swift */ = {isa = PBXFileReference; lastKnownFileType = sourcecode.swift; path = Rose.swift; sourceTree = "<group>"; };
		CDC556E9AF90B026FB2792C0 /* TrendsView.swift */ = {isa = PBXFileReference; lastKnownFileType = sourcecode.swift; path = TrendsView.swift; sourceTree = "<group>"; };
		D3C175572A062064D96E4747 /* PostureReading.swift */ = {isa = PBXFileReference; lastKnownFileType = sourcecode.swift; path = PostureReading.swift; sourceTree = "<group>"; };
		DC359FB08AB5D6B42D1D14EA /* MenuBarStateTests.swift */ = {isa = PBXFileReference; lastKnownFileType = sourcecode.swift; path = MenuBarStateTests.swift; sourceTree = "<group>"; };
		DD91A15EA5820C397FE323E5 /* SunlightScheduler.swift */ = {isa = PBXFileReference; lastKnownFileType = sourcecode.swift; path = SunlightScheduler.swift; sourceTree = "<group>"; };
		DF4EFC390FDBAE7AF14BFFFD /* SessionManagerStallTests.swift */ = {isa = PBXFileReference; lastKnownFileType = sourcecode.swift; path = SessionManagerStallTests.swift; sourceTree = "<group>"; };
		E4D4A61127877CF1752DC138 /* WaterPerkOverlay.swift */ = {isa = PBXFileReference; lastKnownFileType = sourcecode.swift; path = WaterPerkOverlay.swift; sourceTree = "<group>"; };
		E79C2EE4AFBE6C9EEF602513 /* DokChampa.swift */ = {isa = PBXFileReference; lastKnownFileType = sourcecode.swift; path = DokChampa.swift; sourceTree = "<group>"; };
		E83B2D9423D94A902FE85400 /* MenuBarPopoverView.swift */ = {isa = PBXFileReference; lastKnownFileType = sourcecode.swift; path = MenuBarPopoverView.swift; sourceTree = "<group>"; };
		E94E12F48F77B252593EBCEC /* Padauk.swift */ = {isa = PBXFileReference; lastKnownFileType = sourcecode.swift; path = Padauk.swift; sourceTree = "<group>"; };
		EB90D94EC04E4B75FF0C33D0 /* AppModel.swift */ = {isa = PBXFileReference; lastKnownFileType = sourcecode.swift; path = AppModel.swift; sourceTree = "<group>"; };
		ECA77A4EEDEE0DC4C3A0CBC7 /* PlantMascot.swift */ = {isa = PBXFileReference; lastKnownFileType = sourcecode.swift; path = PlantMascot.swift; sourceTree = "<group>"; };
		FC4E81BF13955CDE57CEE117 /* OnboardingFlow.swift */ = {isa = PBXFileReference; lastKnownFileType = sourcecode.swift; path = OnboardingFlow.swift; sourceTree = "<group>"; };
		FD374C070DDFE84E6D124F77 /* CardStyle.swift */ = {isa = PBXFileReference; lastKnownFileType = sourcecode.swift; path = CardStyle.swift; sourceTree = "<group>"; };
/* End PBXFileReference section */

/* Begin PBXFrameworksBuildPhase section */
		2F79335257E06A74CCEE428E /* Frameworks */ = {
			isa = PBXFrameworksBuildPhase;
			buildActionMask = 2147483647;
			files = (
				FF70E1B4EEC63A1E894DC807 /* HealthKit.framework in Frameworks */,
			);
			runOnlyForDeploymentPostprocessing = 0;
		};
/* End PBXFrameworksBuildPhase section */

/* Begin PBXGroup section */
		00E630AE8A8C656B2C31BED9 /* Models */ = {
			isa = PBXGroup;
			children = (
				D3C175572A062064D96E4747 /* PostureReading.swift */,
				4936AC11A4E0CDE792094471 /* PostureSession.swift */,
				79D2843195070E290EA13E24 /* UserSettings.swift */,
				5DE114FE2B5ACFFF0589D292 /* WaterLog.swift */,
			);
			path = Models;
			sourceTree = "<group>";
		};
		091CA6A1C44B0EFB8E49DD4F /* Products */ = {
			isa = PBXGroup;
			children = (
				94766EAADF687406DFE8EF10 /* Synthesis.app */,
				8A7B144A178F4909C2DADE45 /* Synthesis.app */,
				B75F4BCAE51B7CF7CA49A08B /* SynthesisMacTests.xctest */,
				CB12B512D469835052AE3E60 /* SynthesisTests.xctest */,
			);
			name = Products;
			sourceTree = "<group>";
		};
		205EA88DED4209D54FEEF451 /* Sunlight */ = {
			isa = PBXGroup;
			children = (
				0CB8A0252B3194AA8926440E /* SolarCalculator.swift */,
				DD91A15EA5820C397FE323E5 /* SunlightScheduler.swift */,
			);
			path = Sunlight;
			sourceTree = "<group>";
		};
		29ECD4AB014A6307026D1AD3 /* Views */ = {
			isa = PBXGroup;
			children = (
				0FE69DA461C091185EFE251E /* CalibrateView.swift */,
				73B3059E70F032DE7AA10838 /* DisconnectedView.swift */,
				E83B2D9423D94A902FE85400 /* MenuBarPopoverView.swift */,
				8931605AAAE63A5861811287 /* NowView.swift */,
				FC4E81BF13955CDE57CEE117 /* OnboardingFlow.swift */,
				04A6041CD6092FFA063455AA /* SettingsView.swift */,
				CDC556E9AF90B026FB2792C0 /* TrendsView.swift */,
			);
			path = Views;
			sourceTree = "<group>";
		};
		34EEFB6B4E2591ED87AD843D /* Plants */ = {
			isa = PBXGroup;
			children = (
				E79C2EE4AFBE6C9EEF602513 /* DokChampa.swift */,
				A847473AA284766C50F16084 /* GoldenShower.swift */,
				9731C9D8D49ED566942C392B /* Hibiscus.swift */,
				8824413888A97E294A823A42 /* Lotus.swift */,
				3A35A49A207BE7094D1CB51E /* MelatiJasmine.swift */,
				B69593EB47D66F038545CAF0 /* Monstera.swift */,
				E94E12F48F77B252593EBCEC /* Padauk.swift */,
				ECA77A4EEDEE0DC4C3A0CBC7 /* PlantMascot.swift */,
				7DC6B6E11BB209856218C5A8 /* PlantPot.swift */,
				CC194A7CA49AEFAF9544E5F7 /* Rose.swift */,
				56315FA3F6A54333F14AEE79 /* Rumduol.swift */,
				7174D6357461586A69EC51E5 /* Sampaguita.swift */,
				0E1288F1A5E07F1598670506 /* Sunflower.swift */,
				0002BD60B2AE26A044F70AA0 /* VandaOrchid.swift */,
			);
			path = Plants;
			sourceTree = "<group>";
		};
		3FA98BAA5FD11859BDF2F8CB = {
			isa = PBXGroup;
			children = (
				B305F2953B7BCB626BEFFDC6 /* Sources */,
				40AF8743FD300C8162ADE850 /* Tests */,
				43A8066482BBE4923E9A6D62 /* Frameworks */,
				091CA6A1C44B0EFB8E49DD4F /* Products */,
			);
			sourceTree = "<group>";
		};
		40AF8743FD300C8162ADE850 /* Tests */ = {
			isa = PBXGroup;
			children = (
				FB8021A7F33C92D3C07BFEBF /* AppTests */,
				A1CC459364447D9DA12E5BD8 /* PostureEngineTests */,
				9D227B1A39D4D16349E691E4 /* ReminderTests */,
				D6A603CD38D2909C7331EB16 /* SessionTests */,
			);
			path = Tests;
			sourceTree = "<group>";
		};
		43A8066482BBE4923E9A6D62 /* Frameworks */ = {
			isa = PBXGroup;
			children = (
				68960274C4B382BE2E7E9879 /* HealthKit.framework */,
			);
			name = Frameworks;
			sourceTree = "<group>";
		};
		517FB115296F4315D4D74C8A /* Session */ = {
			isa = PBXGroup;
			children = (
				96CB4F6112A86304628E4F36 /* SessionManager.swift */,
				8DE96556B7C778F797B1D0CA /* SessionState.swift */,
			);
			path = Session;
			sourceTree = "<group>";
		};
		7FE61FF9879AD321574F20E2 /* Reminders */ = {
			isa = PBXGroup;
			children = (
				C0639C6AADB8AE8C792F067F /* ReminderScheduler.swift */,
			);
			path = Reminders;
			sourceTree = "<group>";
		};
		8462D25F3145E3001E9D75FA /* PostureEngine */ = {
			isa = PBXGroup;
			children = (
				83A7257CD4CF570D0B24716E /* MotionFilter.swift */,
				93DDE8EB8B33CDF0C8632CB7 /* PostureClassifier.swift */,
				956441B48F69F52F11EFBD35 /* PostureEngine.swift */,
				B26D1CF9110B5B14C2040D56 /* PostureState.swift */,
			);
			path = PostureEngine;
			sourceTree = "<group>";
		};
		855F2C0C6824737932D57FBB /* DesignSystem */ = {
			isa = PBXGroup;
			children = (
				FD374C070DDFE84E6D124F77 /* CardStyle.swift */,
				76B0BE979AD5A2731FEA9A96 /* PlantPicker.swift */,
				75E93BDDC49F4CAB11E49BAB /* Theme.swift */,
				E4D4A61127877CF1752DC138 /* WaterPerkOverlay.swift */,
				34EEFB6B4E2591ED87AD843D /* Plants */,
			);
			path = DesignSystem;
			sourceTree = "<group>";
		};
		9D227B1A39D4D16349E691E4 /* ReminderTests */ = {
			isa = PBXGroup;
			children = (
				0974D445CBC729D74A799425 /* MotionFilterTests.swift */,
				B04E39315C4FCF860A18724C /* ReminderSchedulerTests.swift */,
			);
			path = ReminderTests;
			sourceTree = "<group>";
		};
		A1CC459364447D9DA12E5BD8 /* PostureEngineTests */ = {
			isa = PBXGroup;
			children = (
				B28C3204DC6B6631DE317362 /* PostureClassifierTests.swift */,
				0146062510D6296BEAD5EC07 /* PostureEngineCalibrationTests.swift */,
			);
			path = PostureEngineTests;
			sourceTree = "<group>";
		};
		A77A6D0FF794716EDA28FB5B /* Health */ = {
			isa = PBXGroup;
			children = (
				B25C75BA2813E3FA774DA720 /* StepReader.swift */,
			);
			path = Health;
			sourceTree = "<group>";
		};
		B305F2953B7BCB626BEFFDC6 /* Sources */ = {
			isa = PBXGroup;
			children = (
				F34516F8E50E5A3438457A38 /* App */,
				855F2C0C6824737932D57FBB /* DesignSystem */,
				A77A6D0FF794716EDA28FB5B /* Health */,
				00E630AE8A8C656B2C31BED9 /* Models */,
				B5F824A58AC95938E10F5297 /* Notifications */,
				8462D25F3145E3001E9D75FA /* PostureEngine */,
				7FE61FF9879AD321574F20E2 /* Reminders */,
				517FB115296F4315D4D74C8A /* Session */,
				BF5F2352EE36780E99430B79 /* SimulatorSupport */,
				205EA88DED4209D54FEEF451 /* Sunlight */,
				29ECD4AB014A6307026D1AD3 /* Views */,
			);
			path = Sources;
			sourceTree = "<group>";
		};
		B5F824A58AC95938E10F5297 /* Notifications */ = {
			isa = PBXGroup;
			children = (
				969966FA7A6F091E9D9BC4CC /* NotificationModule.swift */,
			);
			path = Notifications;
			sourceTree = "<group>";
		};
		BF5F2352EE36780E99430B79 /* SimulatorSupport */ = {
			isa = PBXGroup;
			children = (
				612354F2ADC3F0BCEBB31E80 /* SimulatedMotionSource.swift */,
				08D22EEE52F811688AEBBC7A /* SimulatorOverlay.swift */,
			);
			path = SimulatorSupport;
			sourceTree = "<group>";
		};
		D6A603CD38D2909C7331EB16 /* SessionTests */ = {
			isa = PBXGroup;
			children = (
				DF4EFC390FDBAE7AF14BFFFD /* SessionManagerStallTests.swift */,
			);
			path = SessionTests;
			sourceTree = "<group>";
		};
		F34516F8E50E5A3438457A38 /* App */ = {
			isa = PBXGroup;
			children = (
				EB90D94EC04E4B75FF0C33D0 /* AppModel.swift */,
				A3CAF54E676B437C3870AAF9 /* ContentView.swift */,
				37B86B3CDD36F74B6217168B /* MenuBarGlyph.swift */,
				1FC02BB88CF1E7E5C7762B01 /* MenuBarState.swift */,
				74C1349A6E6426322435F153 /* SynthesisApp.swift */,
			);
			path = App;
			sourceTree = "<group>";
		};
		FB8021A7F33C92D3C07BFEBF /* AppTests */ = {
			isa = PBXGroup;
			children = (
				DC359FB08AB5D6B42D1D14EA /* MenuBarStateTests.swift */,
			);
			path = AppTests;
			sourceTree = "<group>";
		};
/* End PBXGroup section */

/* Begin PBXNativeTarget section */
		51412B453DF63B2FB32963D9 /* Synthesis */ = {
			isa = PBXNativeTarget;
			buildConfigurationList = E241017D8DB2ECD3E2529034 /* Build configuration list for PBXNativeTarget "Synthesis" */;
			buildPhases = (
				D852648CBBFFDF8D88A1B8CA /* Sources */,
				2F79335257E06A74CCEE428E /* Frameworks */,
			);
			buildRules = (
			);
			dependencies = (
			);
			name = Synthesis;
			packageProductDependencies = (
			);
			productName = Synthesis;
			productReference = 94766EAADF687406DFE8EF10 /* Synthesis.app */;
			productType = "com.apple.product-type.application";
		};
		6DEF7223B6C5AE5DA96CA435 /* SynthesisTests */ = {
			isa = PBXNativeTarget;
			buildConfigurationList = B03A6771AC5902BA9B624FF6 /* Build configuration list for PBXNativeTarget "SynthesisTests" */;
			buildPhases = (
				D7995C7F889D21EE05BFE6C1 /* Sources */,
			);
			buildRules = (
			);
			dependencies = (
				889E29330FC4E0E149F9E945 /* PBXTargetDependency */,
			);
			name = SynthesisTests;
			packageProductDependencies = (
			);
			productName = SynthesisTests;
			productReference = CB12B512D469835052AE3E60 /* SynthesisTests.xctest */;
			productType = "com.apple.product-type.bundle.unit-test";
		};
		C89E18E9829D1D67A0FABF34 /* SynthesisMac */ = {
			isa = PBXNativeTarget;
			buildConfigurationList = 01DF8C4FC2DA837724F2CF0B /* Build configuration list for PBXNativeTarget "SynthesisMac" */;
			buildPhases = (
				1603214E80C91CB3AC0B9E09 /* Sources */,
			);
			buildRules = (
			);
			dependencies = (
			);
			name = SynthesisMac;
			packageProductDependencies = (
			);
			productName = SynthesisMac;
			productReference = 8A7B144A178F4909C2DADE45 /* Synthesis.app */;
			productType = "com.apple.product-type.application";
		};
		CC19B08EE28033358F3F70A9 /* SynthesisMacTests */ = {
			isa = PBXNativeTarget;
			buildConfigurationList = 292AC86A5D3DAC013419001A /* Build configuration list for PBXNativeTarget "SynthesisMacTests" */;
			buildPhases = (
				F22EE7536036604CBDC6FE86 /* Sources */,
			);
			buildRules = (
			);
			dependencies = (
				D0F5DD3B01FA03411B7B2E64 /* PBXTargetDependency */,
			);
			name = SynthesisMacTests;
			packageProductDependencies = (
			);
			productName = SynthesisMacTests;
			productReference = B75F4BCAE51B7CF7CA49A08B /* SynthesisMacTests.xctest */;
			productType = "com.apple.product-type.bundle.unit-test";
		};
/* End PBXNativeTarget section */

/* Begin PBXProject section */
		AC210D2293ECE6C43245568F /* Project object */ = {
			isa = PBXProject;
			attributes = {
				BuildIndependentTargetsInParallel = YES;
				LastUpgradeCheck = 1600;
				TargetAttributes = {
					51412B453DF63B2FB32963D9 = {
						DevelopmentTeam = X8668S9J7Z;
					};
				};
			};
			buildConfigurationList = A0A7868C5A70705184A0AD7F /* Build configuration list for PBXProject "Synthesis" */;
			developmentRegion = en;
			hasScannedForEncodings = 0;
			knownRegions = (
				Base,
				en,
			);
			mainGroup = 3FA98BAA5FD11859BDF2F8CB;
			minimizedProjectReferenceProxies = 1;
			preferredProjectObjectVersion = 77;
			productRefGroup = 091CA6A1C44B0EFB8E49DD4F /* Products */;
			projectDirPath = "";
			projectRoot = "";
			targets = (
				51412B453DF63B2FB32963D9 /* Synthesis */,
				C89E18E9829D1D67A0FABF34 /* SynthesisMac */,
				CC19B08EE28033358F3F70A9 /* SynthesisMacTests */,
				6DEF7223B6C5AE5DA96CA435 /* SynthesisTests */,
			);
		};
/* End PBXProject section */

/* Begin PBXSourcesBuildPhase section */
		1603214E80C91CB3AC0B9E09 /* Sources */ = {
			isa = PBXSourcesBuildPhase;
			buildActionMask = 2147483647;
			files = (
				0C65869519AC994D2123C089 /* AppModel.swift in Sources */,
				241D2048842E47BB4F3A86F1 /* CalibrateView.swift in Sources */,
				9AEA6FD2FC56D62D15A98C1A /* CardStyle.swift in Sources */,
				377D85C9B5A7A5C731204902 /* ContentView.swift in Sources */,
				8C034AE3F2659832204687A0 /* DisconnectedView.swift in Sources */,
				94490309E35FD13D11263115 /* DokChampa.swift in Sources */,
				8E24737D0BC931FE7F0E3FF4 /* GoldenShower.swift in Sources */,
				D5822822A2C590041677E4DC /* Hibiscus.swift in Sources */,
				BD9DE570F558FD41F3344608 /* Lotus.swift in Sources */,
				A88E17A78671D4DAE291880F /* MelatiJasmine.swift in Sources */,
				86F2329D22752B521D75D3D2 /* MenuBarGlyph.swift in Sources */,
				40ED41E7156952F913B186C7 /* MenuBarPopoverView.swift in Sources */,
				3970A8D1ED711E47BFCF1C1E /* MenuBarState.swift in Sources */,
				BD4390435F856BF4094A55B8 /* Monstera.swift in Sources */,
				1997F2A48CF21B0E8E3063C1 /* MotionFilter.swift in Sources */,
				16E5C1DD3C06616C1E03D97C /* NotificationModule.swift in Sources */,
				6655EAF276097DE8AE8A8E5B /* NowView.swift in Sources */,
				8AB9951181973A726088271E /* OnboardingFlow.swift in Sources */,
				F9F8AC12697AB6BB25D47E29 /* Padauk.swift in Sources */,
				23D75DDA45F8BDC1BF88B5D6 /* PlantMascot.swift in Sources */,
				E4531133CCD5613C413B90AB /* PlantPicker.swift in Sources */,
				B23090691198429899B5A831 /* PlantPot.swift in Sources */,
				A96A7A839F73BEC73BA050EF /* PostureClassifier.swift in Sources */,
				FD6289CFE93A4796E766C41B /* PostureEngine.swift in Sources */,
				A94183FFE7D0E205BF08647B /* PostureReading.swift in Sources */,
				B460887B66902164F26D77CE /* PostureSession.swift in Sources */,
				C48B7AAEE1D65EA5612CEE1E /* PostureState.swift in Sources */,
				DAC6814A2CC9E95B4EB61FE8 /* ReminderScheduler.swift in Sources */,
				510D9E59B00BCB10E8BBF33E /* Rose.swift in Sources */,
				873B672FBFF9B45F20D81E78 /* Rumduol.swift in Sources */,
				4199D8364B799D6643E5539C /* Sampaguita.swift in Sources */,
				06D36290CE50FCF249BFA5A9 /* SessionManager.swift in Sources */,
				50D3BB0F28CF7CA177D4D341 /* SessionState.swift in Sources */,
				5AEBA15F00E2287444F759C7 /* SettingsView.swift in Sources */,
				83CEBAF15B3E0E991E4EE3C9 /* SimulatedMotionSource.swift in Sources */,
				D775A5E889BC79FE6A9280B9 /* SimulatorOverlay.swift in Sources */,
				C653D7E16C7F5A39C61E642F /* SolarCalculator.swift in Sources */,
				E0469B58D549F9F513C08ED0 /* StepReader.swift in Sources */,
				2D54E31D8EB6E4E4E1CD4B6E /* Sunflower.swift in Sources */,
				0BDF1C62183436922C956DDC /* SunlightScheduler.swift in Sources */,
				5AB33C7117C54A05021155C7 /* SynthesisApp.swift in Sources */,
				54B8C221572CBEB299671501 /* Theme.swift in Sources */,
				3FAEB413FAEFFCF235B9090F /* TrendsView.swift in Sources */,
				DEFD0E94C8FE8E7E7524A713 /* UserSettings.swift in Sources */,
				50DE7F6E13F9D252923B5184 /* VandaOrchid.swift in Sources */,
				F0B126BEB07BCBCCCDBBAF89 /* WaterLog.swift in Sources */,
				94061DEB412315B776BADBFD /* WaterPerkOverlay.swift in Sources */,
			);
			runOnlyForDeploymentPostprocessing = 0;
		};
		D7995C7F889D21EE05BFE6C1 /* Sources */ = {
			isa = PBXSourcesBuildPhase;
			buildActionMask = 2147483647;
			files = (
				303776DC368381B11986E591 /* MenuBarStateTests.swift in Sources */,
				79FB3DFB13EE5E4C41007C03 /* MotionFilterTests.swift in Sources */,
				727CB4C45F691161D9996439 /* PostureClassifierTests.swift in Sources */,
				6AC6069A418476449C9F94D1 /* PostureEngineCalibrationTests.swift in Sources */,
				1551EAE6AEF0C587C8FB192E /* ReminderSchedulerTests.swift in Sources */,
				73083518F12F67382EC823F5 /* SessionManagerStallTests.swift in Sources */,
			);
			runOnlyForDeploymentPostprocessing = 0;
		};
		D852648CBBFFDF8D88A1B8CA /* Sources */ = {
			isa = PBXSourcesBuildPhase;
			buildActionMask = 2147483647;
			files = (
				F7956DAA1C62AA43E95277B9 /* AppModel.swift in Sources */,
				6E866D607E7200667AFEC576 /* CalibrateView.swift in Sources */,
				82F0A73B3E6344D03A11F8D9 /* CardStyle.swift in Sources */,
				60E0CFC79E5488961AD61C3C /* ContentView.swift in Sources */,
				079C0D2FDE34812FE63A56B3 /* DisconnectedView.swift in Sources */,
				579BCEA6D1BEC4C89CC731CF /* DokChampa.swift in Sources */,
				F51AC5D8124AF85D70D05C89 /* GoldenShower.swift in Sources */,
				BA8B38C21ACFA733916C0CE9 /* Hibiscus.swift in Sources */,
				51164376F9C462A35B2098E0 /* Lotus.swift in Sources */,
				4CA18A87FBCE3625B5BACD43 /* MelatiJasmine.swift in Sources */,
				A5D6A692FD477099CC7E214F /* MenuBarGlyph.swift in Sources */,
				05EE034A179FD6EC3CE36502 /* MenuBarPopoverView.swift in Sources */,
				0F462B6D10C854099230B23B /* MenuBarState.swift in Sources */,
				2CE60710E86BAE018AE59ABF /* Monstera.swift in Sources */,
				1C5ABBCAA7B3F780B11A2A11 /* MotionFilter.swift in Sources */,
				C550CFB16A6E39CE8A3764F0 /* NotificationModule.swift in Sources */,
				FDCD8C94DACB52999FA0F31A /* NowView.swift in Sources */,
				B24BCD6752658463092BAA5E /* OnboardingFlow.swift in Sources */,
				5F004DB0BDB26DC53C3417BD /* Padauk.swift in Sources */,
				6F53A347C58B35C88444200A /* PlantMascot.swift in Sources */,
				4E4C3959BC58DD4B26EB57CD /* PlantPicker.swift in Sources */,
				934ECFDCDA77906D86C94EBF /* PlantPot.swift in Sources */,
				44FB4373C017E71C0032E8BD /* PostureClassifier.swift in Sources */,
				94A2D8B68AC69E6FC7D38E26 /* PostureEngine.swift in Sources */,
				637B28C8ADB826A125857493 /* PostureReading.swift in Sources */,
				1E13E2BEDE2AB1D73F9F0C49 /* PostureSession.swift in Sources */,
				A53A1F4B60C602DDC34EC7D9 /* PostureState.swift in Sources */,
				6D36027EA5669685B5C8BD46 /* ReminderScheduler.swift in Sources */,
				E0A95CA823AAAF34DCBDE180 /* Rose.swift in Sources */,
				306CA8714F123456D1192B5A /* Rumduol.swift in Sources */,
				93753189FDB0AC14E0D54AEB /* Sampaguita.swift in Sources */,
				34E6ED75CD9031D1E91FE9E6 /* SessionManager.swift in Sources */,
				C3B8B1366FEA33F915819BE3 /* SessionState.swift in Sources */,
				3D2490F86348028E39D5A54C /* SettingsView.swift in Sources */,
				EE112D97A3BEA328F5157E45 /* SimulatedMotionSource.swift in Sources */,
				2CC4A5A7E85BE22D8174F6EF /* SimulatorOverlay.swift in Sources */,
				6969CBDCA33498FAAE779C47 /* SolarCalculator.swift in Sources */,
				45037AED78BFD38D50898025 /* StepReader.swift in Sources */,
				F9FCA8604220B30A98C1343D /* Sunflower.swift in Sources */,
				A00F72965F7BC406B6D9BDC7 /* SunlightScheduler.swift in Sources */,
				230DCE1F824C8763166AEFBA /* SynthesisApp.swift in Sources */,
				4FB3428AA9FE063F94E34DE4 /* Theme.swift in Sources */,
				8FA4D9F2E468231A95620D17 /* TrendsView.swift in Sources */,
				A0350BE0DD78E6E5DC2A07D3 /* UserSettings.swift in Sources */,
				969BC0911578329B6A24A48A /* VandaOrchid.swift in Sources */,
				64531A6A05F6EA7281A6C9A5 /* WaterLog.swift in Sources */,
				D944040280252035620496DA /* WaterPerkOverlay.swift in Sources */,
			);
			runOnlyForDeploymentPostprocessing = 0;
		};
		F22EE7536036604CBDC6FE86 /* Sources */ = {
			isa = PBXSourcesBuildPhase;
			buildActionMask = 2147483647;
			files = (
				5C1A212125A2196556065E5B /* MenuBarStateTests.swift in Sources */,
				19E02739240AAECA9110F0C9 /* MotionFilterTests.swift in Sources */,
				885A5348A74F1E1F6F88B59B /* PostureClassifierTests.swift in Sources */,
				530C2E6C338A617104173E4D /* PostureEngineCalibrationTests.swift in Sources */,
				010EE8D52173E974588740D1 /* ReminderSchedulerTests.swift in Sources */,
				0C4C16F2D56DA332A49F39AC /* SessionManagerStallTests.swift in Sources */,
			);
			runOnlyForDeploymentPostprocessing = 0;
		};
/* End PBXSourcesBuildPhase section */

/* Begin PBXTargetDependency section */
		889E29330FC4E0E149F9E945 /* PBXTargetDependency */ = {
			isa = PBXTargetDependency;
			target = 51412B453DF63B2FB32963D9 /* Synthesis */;
			targetProxy = 1C1A43B7A6857BEE03DA4BC8 /* PBXContainerItemProxy */;
		};
		D0F5DD3B01FA03411B7B2E64 /* PBXTargetDependency */ = {
			isa = PBXTargetDependency;
			target = C89E18E9829D1D67A0FABF34 /* SynthesisMac */;
			targetProxy = 8462B0A1C1BEF8C0528C5182 /* PBXContainerItemProxy */;
		};
/* End PBXTargetDependency section */

/* Begin XCBuildConfiguration section */
		0290CFFE84C8D0D21FF1628D /* Debug */ = {
			isa = XCBuildConfiguration;
			buildSettings = {
				ASSETCATALOG_COMPILER_APPICON_NAME = AppIcon;
				COMBINE_HIDPI_IMAGES = YES;
				GENERATE_INFOPLIST_FILE = YES;
				INFOPLIST_KEY_LSApplicationCategoryType = "public.app-category.healthcare-fitness";
				INFOPLIST_KEY_NSLocationWhenInUseUsageDescription = "Synthesis uses your location for daylight-aware sunlight nudges.";
				INFOPLIST_KEY_NSMotionUsageDescription = "Synthesis uses AirPods motion sensors to detect your head posture.";
				LD_RUNPATH_SEARCH_PATHS = (
					"$(inherited)",
					"@executable_path/../Frameworks",
				);
				MACOSX_DEPLOYMENT_TARGET = 14.0;
				PRODUCT_BUNDLE_IDENTIFIER = com.jayden77.posture.mac;
				PRODUCT_NAME = Synthesis;
				SDKROOT = macosx;
			};
			name = Debug;
		};
		0E75776A45F22B7FB1DD9A3B /* Debug */ = {
			isa = XCBuildConfiguration;
			buildSettings = {
				BUNDLE_LOADER = "$(TEST_HOST)";
				COMBINE_HIDPI_IMAGES = YES;
				GENERATE_INFOPLIST_FILE = YES;
				LD_RUNPATH_SEARCH_PATHS = (
					"$(inherited)",
					"@executable_path/../Frameworks",
					"@loader_path/../Frameworks",
				);
				MACOSX_DEPLOYMENT_TARGET = 14.0;
				PRODUCT_BUNDLE_IDENTIFIER = com.jayden77.SynthesisMacTests;
				SDKROOT = macosx;
				TEST_HOST = "$(BUILT_PRODUCTS_DIR)/Synthesis.app/Contents/MacOS/Synthesis";
			};
			name = Debug;
		};
		11679C0242049F02D01D21F5 /* Release */ = {
			isa = XCBuildConfiguration;
			buildSettings = {
				BUNDLE_LOADER = "$(TEST_HOST)";
				COMBINE_HIDPI_IMAGES = YES;
				GENERATE_INFOPLIST_FILE = YES;
				LD_RUNPATH_SEARCH_PATHS = (
					"$(inherited)",
					"@executable_path/../Frameworks",
					"@loader_path/../Frameworks",
				);
				MACOSX_DEPLOYMENT_TARGET = 14.0;
				PRODUCT_BUNDLE_IDENTIFIER = com.jayden77.SynthesisMacTests;
				SDKROOT = macosx;
				TEST_HOST = "$(BUILT_PRODUCTS_DIR)/Synthesis.app/Contents/MacOS/Synthesis";
			};
			name = Release;
		};
		267D9E7A697E4DD8FE6E0D24 /* Release */ = {
			isa = XCBuildConfiguration;
			buildSettings = {
				ALWAYS_SEARCH_USER_PATHS = NO;
				CLANG_ANALYZER_NONNULL = YES;
				CLANG_ANALYZER_NUMBER_OBJECT_CONVERSION = YES_AGGRESSIVE;
				CLANG_CXX_LANGUAGE_STANDARD = "gnu++14";
				CLANG_CXX_LIBRARY = "libc++";
				CLANG_ENABLE_MODULES = YES;
				CLANG_ENABLE_OBJC_ARC = YES;
				CLANG_ENABLE_OBJC_WEAK = YES;
				CLANG_WARN_BLOCK_CAPTURE_AUTORELEASING = YES;
				CLANG_WARN_BOOL_CONVERSION = YES;
				CLANG_WARN_COMMA = YES;
				CLANG_WARN_CONSTANT_CONVERSION = YES;
				CLANG_WARN_DEPRECATED_OBJC_IMPLEMENTATIONS = YES;
				CLANG_WARN_DIRECT_OBJC_ISA_USAGE = YES_ERROR;
				CLANG_WARN_DOCUMENTATION_COMMENTS = YES;
				CLANG_WARN_EMPTY_BODY = YES;
				CLANG_WARN_ENUM_CONVERSION = YES;
				CLANG_WARN_INFINITE_RECURSION = YES;
				CLANG_WARN_INT_CONVERSION = YES;
				CLANG_WARN_NON_LITERAL_NULL_CONVERSION = YES;
				CLANG_WARN_OBJC_IMPLICIT_RETAIN_SELF = YES;
				CLANG_WARN_OBJC_LITERAL_CONVERSION = YES;
				CLANG_WARN_OBJC_ROOT_CLASS = YES_ERROR;
				CLANG_WARN_QUOTED_INCLUDE_IN_FRAMEWORK_HEADER = YES;
				CLANG_WARN_RANGE_LOOP_ANALYSIS = YES;
				CLANG_WARN_STRICT_PROTOTYPES = YES;
				CLANG_WARN_SUSPICIOUS_MOVE = YES;
				CLANG_WARN_UNGUARDED_AVAILABILITY = YES_AGGRESSIVE;
				CLANG_WARN_UNREACHABLE_CODE = YES;
				CLANG_WARN__DUPLICATE_METHOD_MATCH = YES;
				COPY_PHASE_STRIP = NO;
				DEBUG_INFORMATION_FORMAT = "dwarf-with-dsym";
				ENABLE_NS_ASSERTIONS = NO;
				ENABLE_STRICT_OBJC_MSGSEND = YES;
				GCC_C_LANGUAGE_STANDARD = gnu11;
				GCC_NO_COMMON_BLOCKS = YES;
				GCC_WARN_64_TO_32_BIT_CONVERSION = YES;
				GCC_WARN_ABOUT_RETURN_TYPE = YES_ERROR;
				GCC_WARN_UNDECLARED_SELECTOR = YES;
				GCC_WARN_UNINITIALIZED_AUTOS = YES_AGGRESSIVE;
				GCC_WARN_UNUSED_FUNCTION = YES;
				GCC_WARN_UNUSED_VARIABLE = YES;
				IPHONEOS_DEPLOYMENT_TARGET = 17.0;
				MACOSX_DEPLOYMENT_TARGET = 14.0;
				MTL_ENABLE_DEBUG_INFO = NO;
				MTL_FAST_MATH = YES;
				PRODUCT_NAME = "$(TARGET_NAME)";
				SWIFT_COMPILATION_MODE = wholemodule;
				SWIFT_OPTIMIZATION_LEVEL = "-O";
				SWIFT_VERSION = 5.9;
			};
			name = Release;
		};
		2C8504BB3BCAB467CEBC6EB2 /* Release */ = {
			isa = XCBuildConfiguration;
			buildSettings = {
				ASSETCATALOG_COMPILER_APPICON_NAME = AppIcon;
				COMBINE_HIDPI_IMAGES = YES;
				GENERATE_INFOPLIST_FILE = YES;
				INFOPLIST_KEY_LSApplicationCategoryType = "public.app-category.healthcare-fitness";
				INFOPLIST_KEY_NSLocationWhenInUseUsageDescription = "Synthesis uses your location for daylight-aware sunlight nudges.";
				INFOPLIST_KEY_NSMotionUsageDescription = "Synthesis uses AirPods motion sensors to detect your head posture.";
				LD_RUNPATH_SEARCH_PATHS = (
					"$(inherited)",
					"@executable_path/../Frameworks",
				);
				MACOSX_DEPLOYMENT_TARGET = 14.0;
				PRODUCT_BUNDLE_IDENTIFIER = com.jayden77.posture.mac;
				PRODUCT_NAME = Synthesis;
				SDKROOT = macosx;
			};
			name = Release;
		};
		2D14B6DB421BCDF6B9D8277A /* Release */ = {
			isa = XCBuildConfiguration;
			buildSettings = {
				ASSETCATALOG_COMPILER_APPICON_NAME = AppIcon;
				CODE_SIGN_ENTITLEMENTS = Synthesis.entitlements;
				CODE_SIGN_IDENTITY = "iPhone Developer";
				DEVELOPMENT_TEAM = X8668S9J7Z;
				INFOPLIST_FILE = Resources/Info.plist;
				IPHONEOS_DEPLOYMENT_TARGET = 17.0;
				LD_RUNPATH_SEARCH_PATHS = (
					"$(inherited)",
					"@executable_path/Frameworks",
				);
				PRODUCT_BUNDLE_IDENTIFIER = com.jayden77.posture;
				PRODUCT_NAME = Synthesis;
				SDKROOT = iphoneos;
				TARGETED_DEVICE_FAMILY = 1;
			};
			name = Release;
		};
		6F0329BBD58AC57FB5459CEC /* Debug */ = {
			isa = XCBuildConfiguration;
			buildSettings = {
				ASSETCATALOG_COMPILER_APPICON_NAME = AppIcon;
				CODE_SIGN_ENTITLEMENTS = Synthesis.entitlements;
				CODE_SIGN_IDENTITY = "iPhone Developer";
				DEVELOPMENT_TEAM = X8668S9J7Z;
				INFOPLIST_FILE = Resources/Info.plist;
				IPHONEOS_DEPLOYMENT_TARGET = 17.0;
				LD_RUNPATH_SEARCH_PATHS = (
					"$(inherited)",
					"@executable_path/Frameworks",
				);
				PRODUCT_BUNDLE_IDENTIFIER = com.jayden77.posture;
				PRODUCT_NAME = Synthesis;
				SDKROOT = iphoneos;
				TARGETED_DEVICE_FAMILY = 1;
			};
			name = Debug;
		};
		AEDCA937326886E668AC85B1 /* Debug */ = {
			isa = XCBuildConfiguration;
			buildSettings = {
				ALWAYS_SEARCH_USER_PATHS = NO;
				CLANG_ANALYZER_NONNULL = YES;
				CLANG_ANALYZER_NUMBER_OBJECT_CONVERSION = YES_AGGRESSIVE;
				CLANG_CXX_LANGUAGE_STANDARD = "gnu++14";
				CLANG_CXX_LIBRARY = "libc++";
				CLANG_ENABLE_MODULES = YES;
				CLANG_ENABLE_OBJC_ARC = YES;
				CLANG_ENABLE_OBJC_WEAK = YES;
				CLANG_WARN_BLOCK_CAPTURE_AUTORELEASING = YES;
				CLANG_WARN_BOOL_CONVERSION = YES;
				CLANG_WARN_COMMA = YES;
				CLANG_WARN_CONSTANT_CONVERSION = YES;
				CLANG_WARN_DEPRECATED_OBJC_IMPLEMENTATIONS = YES;
				CLANG_WARN_DIRECT_OBJC_ISA_USAGE = YES_ERROR;
				CLANG_WARN_DOCUMENTATION_COMMENTS = YES;
				CLANG_WARN_EMPTY_BODY = YES;
				CLANG_WARN_ENUM_CONVERSION = YES;
				CLANG_WARN_INFINITE_RECURSION = YES;
				CLANG_WARN_INT_CONVERSION = YES;
				CLANG_WARN_NON_LITERAL_NULL_CONVERSION = YES;
				CLANG_WARN_OBJC_IMPLICIT_RETAIN_SELF = YES;
				CLANG_WARN_OBJC_LITERAL_CONVERSION = YES;
				CLANG_WARN_OBJC_ROOT_CLASS = YES_ERROR;
				CLANG_WARN_QUOTED_INCLUDE_IN_FRAMEWORK_HEADER = YES;
				CLANG_WARN_RANGE_LOOP_ANALYSIS = YES;
				CLANG_WARN_STRICT_PROTOTYPES = YES;
				CLANG_WARN_SUSPICIOUS_MOVE = YES;
				CLANG_WARN_UNGUARDED_AVAILABILITY = YES_AGGRESSIVE;
				CLANG_WARN_UNREACHABLE_CODE = YES;
				CLANG_WARN__DUPLICATE_METHOD_MATCH = YES;
				COPY_PHASE_STRIP = NO;
				DEBUG_INFORMATION_FORMAT = dwarf;
				ENABLE_STRICT_OBJC_MSGSEND = YES;
				ENABLE_TESTABILITY = YES;
				GCC_C_LANGUAGE_STANDARD = gnu11;
				GCC_DYNAMIC_NO_PIC = NO;
				GCC_NO_COMMON_BLOCKS = YES;
				GCC_OPTIMIZATION_LEVEL = 0;
				GCC_PREPROCESSOR_DEFINITIONS = (
					"$(inherited)",
					"DEBUG=1",
				);
				GCC_WARN_64_TO_32_BIT_CONVERSION = YES;
				GCC_WARN_ABOUT_RETURN_TYPE = YES_ERROR;
				GCC_WARN_UNDECLARED_SELECTOR = YES;
				GCC_WARN_UNINITIALIZED_AUTOS = YES_AGGRESSIVE;
				GCC_WARN_UNUSED_FUNCTION = YES;
				GCC_WARN_UNUSED_VARIABLE = YES;
				IPHONEOS_DEPLOYMENT_TARGET = 17.0;
				MACOSX_DEPLOYMENT_TARGET = 14.0;
				MTL_ENABLE_DEBUG_INFO = INCLUDE_SOURCE;
				MTL_FAST_MATH = YES;
				ONLY_ACTIVE_ARCH = YES;
				PRODUCT_NAME = "$(TARGET_NAME)";
				SWIFT_ACTIVE_COMPILATION_CONDITIONS = DEBUG;
				SWIFT_OPTIMIZATION_LEVEL = "-Onone";
				SWIFT_VERSION = 5.9;
			};
			name = Debug;
		};
		DA8AF53C6DC8545854E0DD91 /* Release */ = {
			isa = XCBuildConfiguration;
			buildSettings = {
				BUNDLE_LOADER = "$(TEST_HOST)";
				GENERATE_INFOPLIST_FILE = YES;
				LD_RUNPATH_SEARCH_PATHS = (
					"$(inherited)",
					"@executable_path/Frameworks",
					"@loader_path/Frameworks",
				);
				PRODUCT_BUNDLE_IDENTIFIER = com.jayden77.SynthesisTests;
				SDKROOT = iphoneos;
				TARGETED_DEVICE_FAMILY = "1,2";
				TEST_HOST = "$(BUILT_PRODUCTS_DIR)/Synthesis.app/Synthesis";
			};
			name = Release;
		};
		FC9563424ABF37DBC2CA0C0E /* Debug */ = {
			isa = XCBuildConfiguration;
			buildSettings = {
				BUNDLE_LOADER = "$(TEST_HOST)";
				GENERATE_INFOPLIST_FILE = YES;
				LD_RUNPATH_SEARCH_PATHS = (
					"$(inherited)",
					"@executable_path/Frameworks",
					"@loader_path/Frameworks",
				);
				PRODUCT_BUNDLE_IDENTIFIER = com.jayden77.SynthesisTests;
				SDKROOT = iphoneos;
				TARGETED_DEVICE_FAMILY = "1,2";
				TEST_HOST = "$(BUILT_PRODUCTS_DIR)/Synthesis.app/Synthesis";
			};
			name = Debug;
		};
/* End XCBuildConfiguration section */

/* Begin XCConfigurationList section */
		01DF8C4FC2DA837724F2CF0B /* Build configuration list for PBXNativeTarget "SynthesisMac" */ = {
			isa = XCConfigurationList;
			buildConfigurations = (
				0290CFFE84C8D0D21FF1628D /* Debug */,
				2C8504BB3BCAB467CEBC6EB2 /* Release */,
			);
			defaultConfigurationIsVisible = 0;
			defaultConfigurationName = Debug;
		};
		292AC86A5D3DAC013419001A /* Build configuration list for PBXNativeTarget "SynthesisMacTests" */ = {
			isa = XCConfigurationList;
			buildConfigurations = (
				0E75776A45F22B7FB1DD9A3B /* Debug */,
				11679C0242049F02D01D21F5 /* Release */,
			);
			defaultConfigurationIsVisible = 0;
			defaultConfigurationName = Debug;
		};
		A0A7868C5A70705184A0AD7F /* Build configuration list for PBXProject "Synthesis" */ = {
			isa = XCConfigurationList;
			buildConfigurations = (
				AEDCA937326886E668AC85B1 /* Debug */,
				267D9E7A697E4DD8FE6E0D24 /* Release */,
			);
			defaultConfigurationIsVisible = 0;
			defaultConfigurationName = Debug;
		};
		B03A6771AC5902BA9B624FF6 /* Build configuration list for PBXNativeTarget "SynthesisTests" */ = {
			isa = XCConfigurationList;
			buildConfigurations = (
				FC9563424ABF37DBC2CA0C0E /* Debug */,
				DA8AF53C6DC8545854E0DD91 /* Release */,
			);
			defaultConfigurationIsVisible = 0;
			defaultConfigurationName = Debug;
		};
		E241017D8DB2ECD3E2529034 /* Build configuration list for PBXNativeTarget "Synthesis" */ = {
			isa = XCConfigurationList;
			buildConfigurations = (
				6F0329BBD58AC57FB5459CEC /* Debug */,
				2D14B6DB421BCDF6B9D8277A /* Release */,
			);
			defaultConfigurationIsVisible = 0;
			defaultConfigurationName = Debug;
		};
/* End XCConfigurationList section */
	};
	rootObject = AC210D2293ECE6C43245568F /* Project object */;
}
